// !$*UTF8*$!
{
	archiveVersion = 1;
	classes = {
	};
	objectVersion = 77;
	objects = {

/* Begin PBXBuildFile section */
		017E9AE15465F997D537115A /* ChangeBadgeView.swift in Sources */ = {isa = PBXBuildFile; fileRef = 56CBC6206BB1E43708C347A9 /* ChangeBadgeView.swift */; };
		0189C98DD7BD1258F6B4297D /* EnvironmentBuilderTests.swift in Sources */ = {isa = PBXBuildFile; fileRef = 562E6880ADE2A5E402341C06 /* EnvironmentBuilderTests.swift */; };
		03F2553D25C80877698ED9DE /* FuzzyMatch.swift in Sources */ = {isa = PBXBuildFile; fileRef = E7569E77115D8F1D9AC49837 /* FuzzyMatch.swift */; };
		059D977D5C6758BCD3F4F016 /* TerminalContentView.swift in Sources */ = {isa = PBXBuildFile; fileRef = E047EB48BB51F0CE41A21F0E /* TerminalContentView.swift */; };
		0C5753803DC8999FA6140A6F /* IPCMessageTests.swift in Sources */ = {isa = PBXBuildFile; fileRef = 95C8C32DCB0F7BF52F152B4E /* IPCMessageTests.swift */; };
		0CFBAFC1FD96153C9EE87C52 /* WorktreeConfigParser.swift in Sources */ = {isa = PBXBuildFile; fileRef = A13D8D1F03AC84278852B66A /* WorktreeConfigParser.swift */; };
		11D56EFD2D45E90BE78A25C8 /* RestoreMetrics.swift in Sources */ = {isa = PBXBuildFile; fileRef = 11B947DFFBCCC9FA031F8413 /* RestoreMetrics.swift */; };
		1586F48F768E8AD189504F01 /* TabDragItem.swift in Sources */ = {isa = PBXBuildFile; fileRef = E5445DB21B852BF9FCE7CBE2 /* TabDragItem.swift */; };
		18A54F6B3D7FD957F2D791B8 /* SpaceStatusAreaView.swift in Sources */ = {isa = PBXBuildFile; fileRef = 9FB662D2D7E549D628B1278C /* SpaceStatusAreaView.swift */; };
		1AA7DB27FC900B61C8E4C224 /* SplitLayout.swift in Sources */ = {isa = PBXBuildFile; fileRef = DB301CFCF53BCA6EC5F89289 /* SplitLayout.swift */; };
		1BD24C0CFB06322C333E2C2D /* IPCMessage.swift in Sources */ = {isa = PBXBuildFile; fileRef = DC13D83A86F119198A6A431C /* IPCMessage.swift */; };
		1DB93D09065D8F5996048A94 /* Colors.swift in Sources */ = {isa = PBXBuildFile; fileRef = 36DB4383E9B6C488E129D784 /* Colors.swift */; };
		1FDD17A44BA49719C3B04F75 /* SplitNavigationTests.swift in Sources */ = {isa = PBXBuildFile; fileRef = 4015E2C59F740C484C797D86 /* SplitNavigationTests.swift */; };
		208DF6D1B0AA9858B23712BE /* ArgumentParser in Frameworks */ = {isa = PBXBuildFile; productRef = E54F093B858D398EE2617980 /* ArgumentParser */; };
		20AF6323F0F0AB228066C57B /* WorkingDirectoryResolverTests.swift in Sources */ = {isa = PBXBuildFile; fileRef = BBDDE2ED7D2608697304D67E /* WorkingDirectoryResolverTests.swift */; };
		21AC6781B4B7489148506218 /* SidebarExpandedContentView.swift in Sources */ = {isa = PBXBuildFile; fileRef = B0E455F6E7F7488A6B2BC5B2 /* SidebarExpandedContentView.swift */; };
		22306B7165B45EAA149B8C83 /* BranchNameInputView.swift in Sources */ = {isa = PBXBuildFile; fileRef = 50E7BB77C29C70C55C457648 /* BranchNameInputView.swift */; };
		23E6489B3FA38A33C5C1BBC7 /* SpaceDragItem.swift in Sources */ = {isa = PBXBuildFile; fileRef = CFED1506E346F83A65931BAD /* SpaceDragItem.swift */; };
		295A98524608ECE3CD5355C2 /* tian-cli in Resources */ = {isa = PBXBuildFile; fileRef = 092AB2597E484AA828879F40 /* tian-cli */; settings = {ATTRIBUTES = (RemoveHeadersOnCopy, ); }; };
		2B5BB76626C0F9F0FC1D31DE /* SpaceCollection.swift in Sources */ = {isa = PBXBuildFile; fileRef = A6590C4F1AFA0E55D489EE0D /* SpaceCollection.swift */; };
		2C610649DD4BB5C35EEBFB30 /* WorkspaceCommands.swift in Sources */ = {isa = PBXBuildFile; fileRef = 05A02B6BCBB05EC178CEC932 /* WorkspaceCommands.swift */; };
		2CC695F15CB575F99644BB89 /* PaneStatusManager.swift in Sources */ = {isa = PBXBuildFile; fileRef = F917EC30136EF33475BFC4AA /* PaneStatusManager.swift */; };
		2DB7D6E5DA5CD2C5F998F2CF /* GitTypes.swift in Sources */ = {isa = PBXBuildFile; fileRef = 466F015CBE63BF247E847E99 /* GitTypes.swift */; };
		2E15AC468D7ACBC0B0F2A58F /* GitStatusServiceTests.swift in Sources */ = {isa = PBXBuildFile; fileRef = 93BCF52CE88A01C1256FEA7E /* GitStatusServiceTests.swift */; };
		2EBC4B3461A8EC6E3FA7F6E2 /* PaneViewModel.swift in Sources */ = {isa = PBXBuildFile; fileRef = 6B28A77B9939606521F11DD6 /* PaneViewModel.swift */; };
		30471037E7559404FA909D11 /* SessionRestorer.swift in Sources */ = {isa = PBXBuildFile; fileRef = 8F04BF6396DD3F35DF386BA2 /* SessionRestorer.swift */; };
		338C0A997A284DF748B97A2C /* WorktreeOrchestrator.swift in Sources */ = {isa = PBXBuildFile; fileRef = DB01B89E985F10D13B8CC3E2 /* WorktreeOrchestrator.swift */; };
		35D5361EF9DDF9457B99F626 /* CommandLogger.swift in Sources */ = {isa = PBXBuildFile; fileRef = DF8F599A21C0FE976909DE27 /* CommandLogger.swift */; };
		385135A497773B4CDC8D6F16 /* WorkspaceWindowContent.swift in Sources */ = {isa = PBXBuildFile; fileRef = 1279FCE6A136125328AFE43A /* WorkspaceWindowContent.swift */; };
		38E1BBB98F656C84DD4B5001 /* CreateSpaceFlowTests.swift in Sources */ = {isa = PBXBuildFile; fileRef = 955A4BB4A01E547C53B46E2A /* CreateSpaceFlowTests.swift */; };
		3ADF427C879E30E34307B622 /* GitFileListPopover.swift in Sources */ = {isa = PBXBuildFile; fileRef = CC0C94A43F628E6B21867E39 /* GitFileListPopover.swift */; };
		3B3C7DD703E2D41BC0581F8B /* TabModel.swift in Sources */ = {isa = PBXBuildFile; fileRef = C87F3DCF9C4BCC4C85F54803 /* TabModel.swift */; };
		3BE61E041632D5F9D7D31642 /* CLIError.swift in Sources */ = {isa = PBXBuildFile; fileRef = 6C0B03EEA4F9CE0209478F83 /* CLIError.swift */; };
		3C0CC4EE0224483BC038D81B /* PaneView.swift in Sources */ = {isa = PBXBuildFile; fileRef = ABBF12A6EAEBDDAF1B643961 /* PaneView.swift */; };
		3C8BD956DEDF67E010615947 /* ClaudeSessionState.swift in Sources */ = {isa = PBXBuildFile; fileRef = A0E8EEA44B13F25A4B4286C9 /* ClaudeSessionState.swift */; };
		3CD81962DEB19933ADAF9526 /* WorkspaceProviding.swift in Sources */ = {isa = PBXBuildFile; fileRef = E23AB05E3D3C3A2C2D052B05 /* WorkspaceProviding.swift */; };
		3E5628ADF9E3339014386486 /* WorktreeForceRemoveDialog.swift in Sources */ = {isa = PBXBuildFile; fileRef = EF121AA5B046AA14D62A8F5A /* WorktreeForceRemoveDialog.swift */; };
		3EDF3209F03487BE2804A017 /* SidebarPanelView.swift in Sources */ = {isa = PBXBuildFile; fileRef = 37F63894309F2159DA6E747B /* SidebarPanelView.swift */; };
		3FD36C0CCB425A6E363460E6 /* TianApp.swift in Sources */ = {isa = PBXBuildFile; fileRef = FB459FBA3A20228B5B9ED6C2 /* TianApp.swift */; };
		439CE14E830DAE69611ADE8B /* CommandLoggerTests.swift in Sources */ = {isa = PBXBuildFile; fileRef = 1F800481D8EFAF097874BCD6 /* CommandLoggerTests.swift */; };
		46CF64E0D910D6024BC4978E /* SidebarToggleButton.swift in Sources */ = {isa = PBXBuildFile; fileRef = 76D0BE5DA89FB2AE625177C9 /* SidebarToggleButton.swift */; };
		47C03E911861815751137395 /* WorkspaceWindowController.swift in Sources */ = {isa = PBXBuildFile; fileRef = 74307A7AB385AB4F1FF19ECE /* WorkspaceWindowController.swift */; };
		47C99FB39EDBDB0132376DA3 /* WorkspaceEmptyStateView.swift in Sources */ = {isa = PBXBuildFile; fileRef = DA28A5D64674D59B261B34AA /* WorkspaceEmptyStateView.swift */; };
		47CED4A7638F882DE8A7B196 /* SplitTree.swift in Sources */ = {isa = PBXBuildFile; fileRef = E23916A64583A63686ECA57D /* SplitTree.swift */; };
		49AAF2E36B4BDFAA0B54EB81 /* WorktreeCreateResult.swift in Sources */ = {isa = PBXBuildFile; fileRef = F75743232A0546415DA45AC0 /* WorktreeCreateResult.swift */; };
		4E7E939D61C5FC0CAE22CFAE /* PRStatusCacheTests.swift in Sources */ = {isa = PBXBuildFile; fileRef = BF092080FCFAD7CE159DC8FA /* PRStatusCacheTests.swift */; };
		4F06DFE768297E725EBFE6F3 /* SplitTreeTests.swift in Sources */ = {isa = PBXBuildFile; fileRef = 2C954592C036B9C1EE1AEA6A /* SplitTreeTests.swift */; };
		504F6BF443D20AB1A1FC1EF4 /* ProcessDetectorTests.swift in Sources */ = {isa = PBXBuildFile; fileRef = 0696163BA41D14B86B5F502F /* ProcessDetectorTests.swift */; };
		510C826CD02B0D4EE0649773 /* WorkspaceTests.swift in Sources */ = {isa = PBXBuildFile; fileRef = 98A860BB860703E889E39D94 /* WorkspaceTests.swift */; };
		53291E2AC9389EE522191B40 /* BranchListViewModelTests.swift in Sources */ = {isa = PBXBuildFile; fileRef = 21C678203E1232F502408FC4 /* BranchListViewModelTests.swift */; };
		56BB0225764A0A06A2DA7F05 /* WorkspaceSidebarUITests.swift in Sources */ = {isa = PBXBuildFile; fileRef = B9FE5D417560C37E3E0366D3 /* WorkspaceSidebarUITests.swift */; };
		56CE2B25C0DBA4D527A2A6BE /* CommandRouter.swift in Sources */ = {isa = PBXBuildFile; fileRef = 86CAF6EFDC7C9553B66A317E /* CommandRouter.swift */; };
		58A3B1A1D2A47CD892A1EE2E /* SplitContainerView.swift in Sources */ = {isa = PBXBuildFile; fileRef = 61629EF32494B963BA16A2DA /* SplitContainerView.swift */; };
		58B9F7E35F81D2A46016272A /* IPCClient.swift in Sources */ = {isa = PBXBuildFile; fileRef = 7CED3CC640D8CED45FD9363A /* IPCClient.swift */; };
		5B5EA7B5C56803EC0B02FA91 /* IPCMessage.swift in Sources */ = {isa = PBXBuildFile; fileRef = 21C743A9025B29720096DF4A /* IPCMessage.swift */; };
		5C357957E52B3F96A882D7FB /* QuitConfirmationDialog.swift in Sources */ = {isa = PBXBuildFile; fileRef = 45B590659AD477524F965EEB /* QuitConfirmationDialog.swift */; };
		5D334F77BD3E493564764C22 /* CloseConfirmationDialogTests.swift in Sources */ = {isa = PBXBuildFile; fileRef = 8B478101EF22612F36F3AA45 /* CloseConfirmationDialogTests.swift */; };
		5EB2B0BF67BE39645D2E8935 /* Assets.xcassets in Resources */ = {isa = PBXBuildFile; fileRef = 4D1CF8E5CD889C94F7100606 /* Assets.xcassets */; };
		5F547A4D5F84C011591D1EBF /* PaneStatusManagerTests.swift in Sources */ = {isa = PBXBuildFile; fileRef = 6DFDAE51F194BECF56E2B24D /* PaneStatusManagerTests.swift */; };
		61D3F9FBD76F37E505334048 /* ClaudeSessionStateTests.swift in Sources */ = {isa = PBXBuildFile; fileRef = 00AB9BE756A7E5563E0EFF17 /* ClaudeSessionStateTests.swift */; };
		63D107964C159D9EA449EFED /* PaneHierarchyContext.swift in Sources */ = {isa = PBXBuildFile; fileRef = F835493A5A9B53060DBD82EC /* PaneHierarchyContext.swift */; };
		641D32EF8293F32A9B8B213B /* AppMetrics.swift in Sources */ = {isa = PBXBuildFile; fileRef = 27130E997EE1B61EB69619F3 /* AppMetrics.swift */; };
		696F2B16A51A930B414B4607 /* WorkspaceManager.swift in Sources */ = {isa = PBXBuildFile; fileRef = A3D22207E54FB408E99A1FFE /* WorkspaceManager.swift */; };
		6A2E9457B203D5020FE35386 /* RepoStatusLineView.swift in Sources */ = {isa = PBXBuildFile; fileRef = D4AAC4469DD8CA1D39B8377A /* RepoStatusLineView.swift */; };
		6B898E48F76B04D2CC6F56DB /* EnvironmentBuilder.swift in Sources */ = {isa = PBXBuildFile; fileRef = 4756E9572A78B2D0983F5C55 /* EnvironmentBuilder.swift */; };
		6D2E061FDB65073F7A41DAE4 /* IPCServer.swift in Sources */ = {isa = PBXBuildFile; fileRef = D22C3025FF545634BF079A2F /* IPCServer.swift */; };
		6FD5B87624450C7599A68406 /* WorktreeServiceTests.swift in Sources */ = {isa = PBXBuildFile; fileRef = 46A4AFC218DC4E516428C896 /* WorktreeServiceTests.swift */; };
		70C20A0FA76E044BE395C88E /* PaneState.swift in Sources */ = {isa = PBXBuildFile; fileRef = 39153177FDE53F1BF0565124 /* PaneState.swift */; };
		7203CBC63C843F0BF8689E41 /* WorktreeService.swift in Sources */ = {isa = PBXBuildFile; fileRef = 031AC9443C4AE94C6B2DAB96 /* WorktreeService.swift */; };
		75D2063ED91A0E41B12B1040 /* TabBarItemView.swift in Sources */ = {isa = PBXBuildFile; fileRef = 3CA4ECFE1994D1CA3771E782 /* TabBarItemView.swift */; };
		7605B0D1A2B770E5FAFF2C2C /* CommandLogger.swift in Sources */ = {isa = PBXBuildFile; fileRef = DF8F599A21C0FE976909DE27 /* CommandLogger.swift */; };
		781C1BC797ECDF12C533042B /* WorktreeError.swift in Sources */ = {isa = PBXBuildFile; fileRef = 104306BD2E92A1BED2ABB04A /* WorktreeError.swift */; };
		7835D86422AA3893A9130198 /* FileLogWriter.swift in Sources */ = {isa = PBXBuildFile; fileRef = 3F236736A6D0E49150BDA363 /* FileLogWriter.swift */; };
		79EAD13A9B00F7C1E9EFF80B /* WorkspaceCollection.swift in Sources */ = {isa = PBXBuildFile; fileRef = 32A666533B0FBA6AE07FF79B /* WorkspaceCollection.swift */; };
		7BCE856CE1ACB8344F45017A /* IPCCommandHandlerTests.swift in Sources */ = {isa = PBXBuildFile; fileRef = 6F80041AC2C07B0D4318C8E1 /* IPCCommandHandlerTests.swift */; };
		7D3FBCC2A2DF7A0F10CE327F /* DebugOverlayView.swift in Sources */ = {isa = PBXBuildFile; fileRef = B40436F5B2A438A338BFD589 /* DebugOverlayView.swift */; };
		7F3003025933E044DA13C3BA /* WorkspaceCreationFlowTests.swift in Sources */ = {isa = PBXBuildFile; fileRef = B7F58A13AD5AB348B5A0BC6A /* WorkspaceCreationFlowTests.swift */; };
		80D68FA1FA6CEFD84C9A4B0B /* ANSIStripperTests.swift in Sources */ = {isa = PBXBuildFile; fileRef = 5C17F10F7F1D49C9FB671D23 /* ANSIStripperTests.swift */; };
		8407EEB561443152F6B3014A /* BranchListService.swift in Sources */ = {isa = PBXBuildFile; fileRef = 7C71AF71BE3DD5CD11C56D45 /* BranchListService.swift */; };
		845359C35C5DEE9D855FE050 /* GitRepoWatcher.swift in Sources */ = {isa = PBXBuildFile; fileRef = 14C081B2CF626B18BEFB0652 /* GitRepoWatcher.swift */; };
		871B038FBC5CB27582C426AD /* CloseConfirmationDialog.swift in Sources */ = {isa = PBXBuildFile; fileRef = 32A87EB25E5E3788D6B0AF47 /* CloseConfirmationDialog.swift */; };
		8A40EDE6BE07FD4E381FA449 /* WorktreeOrchestratorTests.swift in Sources */ = {isa = PBXBuildFile; fileRef = 5B5C423470A570BB3218B56F /* WorktreeOrchestratorTests.swift */; };
		8ABF93A40FD22A6068F95228 /* SidebarState.swift in Sources */ = {isa = PBXBuildFile; fileRef = 26B314263FE6C56CD9C15440 /* SidebarState.swift */; };
		8AC8C3F6EE68289BDE565F12 /* GhosttyTerminalSurface.swift in Sources */ = {isa = PBXBuildFile; fileRef = D453F518F0DF212629FEF17B /* GhosttyTerminalSurface.swift */; };
		8EA927DD948FAC38EB68C024 /* KeyBindingRegistry.swift in Sources */ = {isa = PBXBuildFile; fileRef = D6B2EF763423A4D95AFD0A0C /* KeyBindingRegistry.swift */; };
		8ED782C00C887025450DD8E4 /* DefaultWorkingDirectoryTests.swift in Sources */ = {isa = PBXBuildFile; fileRef = 9E4783A27ED48AAB25877490 /* DefaultWorkingDirectoryTests.swift */; };
		8FBEBC8D447BA1404829781C /* SetupCancelButton.swift in Sources */ = {isa = PBXBuildFile; fileRef = A7CFB672AAC29C2374B1EBEA /* SetupCancelButton.swift */; };
		90A9AAC610FC25E10C82CC3C /* IPCServerTests.swift in Sources */ = {isa = PBXBuildFile; fileRef = 486E6D4F58BB5FA732C447FB /* IPCServerTests.swift */; };
		91709B9B113BBECA45174E74 /* NotificationManager.swift in Sources */ = {isa = PBXBuildFile; fileRef = F429DFE3A26308E926AE4F8C /* NotificationManager.swift */; };
		9292ED207A881E937864691E /* IPCCommandHandler.swift in Sources */ = {isa = PBXBuildFile; fileRef = 609FABE9561B5F6DF36F0C40 /* IPCCommandHandler.swift */; };
		94449FF3D0527E2AE070B5FD /* ANSIStripper.swift in Sources */ = {isa = PBXBuildFile; fileRef = 91638EC49BCC99759B16C2AA /* ANSIStripper.swift */; };
		98A5E873092A8A32B6C0B73D /* PRStatusCache.swift in Sources */ = {isa = PBXBuildFile; fileRef = D9D78BF9C5669B7476999AAE /* PRStatusCache.swift */; };
		9ABAAF9D5F18D75471131622 /* WindowCoordinator.swift in Sources */ = {isa = PBXBuildFile; fileRef = 80AF8E330BAE27AF6FFCEB06 /* WindowCoordinator.swift */; };
		9B0A57A4BB68D8E9A4CB9F73 /* WorkingDirectoryResolver.swift in Sources */ = {isa = PBXBuildFile; fileRef = 41B1C1573482F36255160E09 /* WorkingDirectoryResolver.swift */; };
		9B6B05218619496866D529CF /* QuitFlowCoordinator.swift in Sources */ = {isa = PBXBuildFile; fileRef = 5907BFA07FE90913D8E13962 /* QuitFlowCoordinator.swift */; };
		9CA5B6465AC7A3E7E8900EA2 /* SpaceGitContextTests.swift in Sources */ = {isa = PBXBuildFile; fileRef = A86104E0765AAFC4ADAA1D2C /* SpaceGitContextTests.swift */; };
		9E633CC633174FC9BE2D2722 /* PaneNode.swift in Sources */ = {isa = PBXBuildFile; fileRef = 55B7F7BEF5AB6488083ABEF5 /* PaneNode.swift */; };
		A050DD6A90DA4D0596220306 /* ClaudeSessionDotsView.swift in Sources */ = {isa = PBXBuildFile; fileRef = 62FDC5AA8C1AADD7E19D4466 /* ClaudeSessionDotsView.swift */; };
		A20C864DE1531342A38C92E8 /* SplitNavigation.swift in Sources */ = {isa = PBXBuildFile; fileRef = 65B5061ACD4F7F0180881789 /* SplitNavigation.swift */; };
		A4136676A46915F77079B269 /* RainbowGlowBorder.swift in Sources */ = {isa = PBXBuildFile; fileRef = 1ADF64AFC427FB3EFB4E3B8D /* RainbowGlowBorder.swift */; };
		A7F94564CA1D121DEC66DA1D /* BranchListServiceTests.swift in Sources */ = {isa = PBXBuildFile; fileRef = A1DB6E072B6D0C8F455F10E0 /* BranchListServiceTests.swift */; };
		AA4F50B60695489CDC8BABAC /* WorkspaceDragItem.swift in Sources */ = {isa = PBXBuildFile; fileRef = F0F8162017C7F6D7383AF37D /* WorkspaceDragItem.swift */; };
		ABF67ECDDE3194FEDF63B4ED /* FileLogger.swift in Sources */ = {isa = PBXBuildFile; fileRef = 043EDDD6B4F166F59429995F /* FileLogger.swift */; };
		AC82FB7F76229A145D553861 /* SpaceStatusAreaViewLabelCoexistenceTests.swift in Sources */ = {isa = PBXBuildFile; fileRef = 9F33A96A756FDCDA426B9926 /* SpaceStatusAreaViewLabelCoexistenceTests.swift */; };
		AEF709EF9DE9C0F59D98E18E /* SessionStateMigrator.swift in Sources */ = {isa = PBXBuildFile; fileRef = EDC15D6CBC7BAD705B1DA5E5 /* SessionStateMigrator.swift */; };
		AF8D828622F1B43E129621BE /* SidebarWorkspaceHeaderView.swift in Sources */ = {isa = PBXBuildFile; fileRef = FBAC3EB7C855DFD6EA20825F /* SidebarWorkspaceHeaderView.swift */; };
		B0ADDAFE859883B7368C21A8 /* WorktreeCloseDialog.swift in Sources */ = {isa = PBXBuildFile; fileRef = F6A23B694BB44B8C4C2CBC16 /* WorktreeCloseDialog.swift */; };
		B1194760C434966FF9676524 /* SidebarContainerView.swift in Sources */ = {isa = PBXBuildFile; fileRef = 9F3AABE6DD7D1FF64EE62DBE /* SidebarContainerView.swift */; };
		B34AC5594DF12EC126BE85F1 /* SplitLayoutTests.swift in Sources */ = {isa = PBXBuildFile; fileRef = 61588F65635E21D9416955F5 /* SplitLayoutTests.swift */; };
		BA0191DF5EF6AD82146B686D /* SpaceCollectionTests.swift in Sources */ = {isa = PBXBuildFile; fileRef = A36DEAE3ECE498DC88F00091 /* SpaceCollectionTests.swift */; };
		BD513EA7C48A8D85E62E5393 /* TrafficLightAligner.swift in Sources */ = {isa = PBXBuildFile; fileRef = 04AD6705C478F4DC68CDB1BD /* TrafficLightAligner.swift */; };
		C03ADC9365FEE640410D8F2D /* TerminalSurfaceView.swift in Sources */ = {isa = PBXBuildFile; fileRef = B91792E3C605A2A1B6417188 /* TerminalSurfaceView.swift */; };
		C098E93AB50A8E8D6E75AEFF /* FuzzyMatchTests.swift in Sources */ = {isa = PBXBuildFile; fileRef = 7140393154BCD53CFFD83DFE /* FuzzyMatchTests.swift */; };
		C0E3FC24613692FDF2EF9C2A /* Logger.swift in Sources */ = {isa = PBXBuildFile; fileRef = A2CD64B85352B5982ABE1B55 /* Logger.swift */; };
		C1582D2CF730CA1104472130 /* OutputFormatter.swift in Sources */ = {isa = PBXBuildFile; fileRef = 9698F7F1BEBF1C432FA185DF /* OutputFormatter.swift */; };
		C4A3E856B0D6346AE36A0BA8 /* PRStatusIndicatorView.swift in Sources */ = {isa = PBXBuildFile; fileRef = 8E1669416BDE11E81BA9B9C1 /* PRStatusIndicatorView.swift */; };
		C6CAEFC12D6D036CF92584AC /* SessionRestorerTests.swift in Sources */ = {isa = PBXBuildFile; fileRef = 3CB56C32480CC3BB01AB1368 /* SessionRestorerTests.swift */; };
		C8EBE80EA4174113821732D8 /* ShellReadinessWaiter.swift in Sources */ = {isa = PBXBuildFile; fileRef = B5162002EFF8A791CA0E99AE /* ShellReadinessWaiter.swift */; };
		C9DD60B03EFE9CE77DC134AA /* WorktreeConfig.swift in Sources */ = {isa = PBXBuildFile; fileRef = D398A918343603781236FFEE /* WorktreeConfig.swift */; };
		CC87A73FFBD76DD7A17CBA15 /* GitStatusService.swift in Sources */ = {isa = PBXBuildFile; fileRef = CE8FA4AF7C220018C34BD538 /* GitStatusService.swift */; };
		CE6B00E9883128206994D907 /* ProcessDetector.swift in Sources */ = {isa = PBXBuildFile; fileRef = CD607D18786EB91CA0792F06 /* ProcessDetector.swift */; };
		CE8F62DDD24987000A13DF7A /* WorkspaceCreationFlow.swift in Sources */ = {isa = PBXBuildFile; fileRef = 83AD114AA36C4A2D08D90BBE /* WorkspaceCreationFlow.swift */; };
		D023FBA5000775358BD3C6AE /* GitRepoWatcherTests.swift in Sources */ = {isa = PBXBuildFile; fileRef = 6B135FCF8D99B9BD4A3A9442 /* GitRepoWatcherTests.swift */; };
		D06AE84597AEDF9025C77F0E /* SpaceGitContext.swift in Sources */ = {isa = PBXBuildFile; fileRef = 9A1481DC1BE3159A71371719 /* SpaceGitContext.swift */; };
		D9A7D0DD4B333139FBF85224 /* SessionState.swift in Sources */ = {isa = PBXBuildFile; fileRef = AC4FB6ECF756FB902120276E /* SessionState.swift */; };
		DB181B740310B7C699E9E208 /* KeyAction.swift in Sources */ = {isa = PBXBuildFile; fileRef = DCE01F67DC990766D7C1B9FE /* KeyAction.swift */; };
		E22F16CCCB55FFACD2C4125B /* GhosttyApp.swift in Sources */ = {isa = PBXBuildFile; fileRef = B2C30F8DA01C9ACC4088A9DC /* GhosttyApp.swift */; };
		E813A2023EFB09C028EC12E3 /* BranchListViewModel.swift in Sources */ = {isa = PBXBuildFile; fileRef = 62EFA009DDEC7DC752F3C370 /* BranchListViewModel.swift */; };
		E8C50612DBF599520D4CE78D /* main.swift in Sources */ = {isa = PBXBuildFile; fileRef = D01EB4B29F2BF0FDD8BABFE5 /* main.swift */; };
		EA107E923F3B37254DC62FA5 /* SessionSerializer.swift in Sources */ = {isa = PBXBuildFile; fileRef = 4B34D3462E9FEEA419DF10D3 /* SessionSerializer.swift */; };
		EB366F6AFD87C90F0E472D07 /* SpaceModel.swift in Sources */ = {isa = PBXBuildFile; fileRef = 0D6B0FE9645D785EF2795FF1 /* SpaceModel.swift */; };
		EE3511A646413091F689B3D3 /* SplitTreeView.swift in Sources */ = {isa = PBXBuildFile; fileRef = 4E74E42B9E6B13136E4141EA /* SplitTreeView.swift */; };
		EF4245F7C570DE87C718757B /* DirectoryPicker.swift in Sources */ = {isa = PBXBuildFile; fileRef = 50A300DFD4B65ECB86A0CCB3 /* DirectoryPicker.swift */; };
		F1BD3D2EC067A8463D736653 /* InlineRenameView.swift in Sources */ = {isa = PBXBuildFile; fileRef = CD752CE1521B0C33E8EB4DBA /* InlineRenameView.swift */; };
		F1E6EA6D81EFDE7AACE176CE /* WorktreeConfigParserTests.swift in Sources */ = {isa = PBXBuildFile; fileRef = 33B2BD06E15DC859D07D2876 /* WorktreeConfigParserTests.swift */; };
		F2F638169458F92BE1C7A939 /* Workspace.swift in Sources */ = {isa = PBXBuildFile; fileRef = B2F3EA6BC16384B774724D4C /* Workspace.swift */; };
		F3A5B43460642196F24E31B7 /* TabBarView.swift in Sources */ = {isa = PBXBuildFile; fileRef = 0AF484155BBD3203CC44F14D /* TabBarView.swift */; };
		F539A6986A81027909503109 /* TianAppDelegate.swift in Sources */ = {isa = PBXBuildFile; fileRef = 78BDCDDA8EC4CA8E4E6B3DD5 /* TianAppDelegate.swift */; };
		F6927FCD3FFDA489713D5BF0 /* SidebarSpaceRowView.swift in Sources */ = {isa = PBXBuildFile; fileRef = A6C47CCA9903BF347FE91D67 /* SidebarSpaceRowView.swift */; };
		F6B5BEC7AD7EEA6CD54A2BCD /* NotificationManagerTests.swift in Sources */ = {isa = PBXBuildFile; fileRef = C64BE9133B026CC361A24E37 /* NotificationManagerTests.swift */; };
		F8158835E0466392F26B0CCB /* BusyDotView.swift in Sources */ = {isa = PBXBuildFile; fileRef = B9283C628619CFCA32E0715D /* BusyDotView.swift */; };
		F8B37AB6375F9E68F79357F5 /* TOMLKit in Frameworks */ = {isa = PBXBuildFile; productRef = 6CF5B5EB2CC6F17DBEEC6550 /* TOMLKit */; };
		F9DCE762DFCFAC47766FF0B2 /* SessionStateTests.swift in Sources */ = {isa = PBXBuildFile; fileRef = 657C8ED1BF2938572CB7DA50 /* SessionStateTests.swift */; };
		FC3EA821A17BA6A264C44801 /* DefaultDirectoryMenu.swift in Sources */ = {isa = PBXBuildFile; fileRef = 03B0741548EE7CEF56BA64AA /* DefaultDirectoryMenu.swift */; };
		FD3B291A4A1C838B5408698C /* PaneExitOverlay.swift in Sources */ = {isa = PBXBuildFile; fileRef = 51D80B9916749BC96966D909 /* PaneExitOverlay.swift */; };
/* End PBXBuildFile section */

/* Begin PBXContainerItemProxy section */
		7FC837BE155D257A4BD78120 /* PBXContainerItemProxy */ = {
			isa = PBXContainerItemProxy;
			containerPortal = D38F2F23E781CC373F6ECC9C /* Project object */;
			proxyType = 1;
			remoteGlobalIDString = C231A44A2A9020608BFA6FC6;
			remoteInfo = "tian-cli";
		};
		E8ED285FCB2A52605BC4D58D /* PBXContainerItemProxy */ = {
			isa = PBXContainerItemProxy;
			containerPortal = D38F2F23E781CC373F6ECC9C /* Project object */;
			proxyType = 1;
			remoteGlobalIDString = FB92215D4D71C3A22BDF3C77;
			remoteInfo = tian;
		};
		F4D961F0F8EE70E06CAB0652 /* PBXContainerItemProxy */ = {
			isa = PBXContainerItemProxy;
			containerPortal = D38F2F23E781CC373F6ECC9C /* Project object */;
			proxyType = 1;
			remoteGlobalIDString = FB92215D4D71C3A22BDF3C77;
			remoteInfo = tian;
		};
/* End PBXContainerItemProxy section */

/* Begin PBXFileReference section */
		00AB9BE756A7E5563E0EFF17 /* ClaudeSessionStateTests.swift */ = {isa = PBXFileReference; lastKnownFileType = sourcecode.swift; path = ClaudeSessionStateTests.swift; sourceTree = "<group>"; };
		0196C75B10D93AB6C17D0F13 /* tian.entitlements */ = {isa = PBXFileReference; lastKnownFileType = text.plist.entitlements; path = tian.entitlements; sourceTree = "<group>"; };
		031AC9443C4AE94C6B2DAB96 /* WorktreeService.swift */ = {isa = PBXFileReference; lastKnownFileType = sourcecode.swift; path = WorktreeService.swift; sourceTree = "<group>"; };
		03B0741548EE7CEF56BA64AA /* DefaultDirectoryMenu.swift */ = {isa = PBXFileReference; lastKnownFileType = sourcecode.swift; path = DefaultDirectoryMenu.swift; sourceTree = "<group>"; };
		043EDDD6B4F166F59429995F /* FileLogger.swift */ = {isa = PBXFileReference; lastKnownFileType = sourcecode.swift; path = FileLogger.swift; sourceTree = "<group>"; };
		04AD6705C478F4DC68CDB1BD /* TrafficLightAligner.swift */ = {isa = PBXFileReference; lastKnownFileType = sourcecode.swift; path = TrafficLightAligner.swift; sourceTree = "<group>"; };
		05A02B6BCBB05EC178CEC932 /* WorkspaceCommands.swift */ = {isa = PBXFileReference; lastKnownFileType = sourcecode.swift; path = WorkspaceCommands.swift; sourceTree = "<group>"; };
		0696163BA41D14B86B5F502F /* ProcessDetectorTests.swift */ = {isa = PBXFileReference; lastKnownFileType = sourcecode.swift; path = ProcessDetectorTests.swift; sourceTree = "<group>"; };
		092AB2597E484AA828879F40 /* tian-cli */ = {isa = PBXFileReference; includeInIndex = 0; path = "tian-cli"; sourceTree = BUILT_PRODUCTS_DIR; };
		0AF484155BBD3203CC44F14D /* TabBarView.swift */ = {isa = PBXFileReference; lastKnownFileType = sourcecode.swift; path = TabBarView.swift; sourceTree = "<group>"; };
		0D6B0FE9645D785EF2795FF1 /* SpaceModel.swift */ = {isa = PBXFileReference; lastKnownFileType = sourcecode.swift; path = SpaceModel.swift; sourceTree = "<group>"; };
		104306BD2E92A1BED2ABB04A /* WorktreeError.swift */ = {isa = PBXFileReference; lastKnownFileType = sourcecode.swift; path = WorktreeError.swift; sourceTree = "<group>"; };
		11B947DFFBCCC9FA031F8413 /* RestoreMetrics.swift */ = {isa = PBXFileReference; lastKnownFileType = sourcecode.swift; path = RestoreMetrics.swift; sourceTree = "<group>"; };
		1279FCE6A136125328AFE43A /* WorkspaceWindowContent.swift */ = {isa = PBXFileReference; lastKnownFileType = sourcecode.swift; path = WorkspaceWindowContent.swift; sourceTree = "<group>"; };
		14C081B2CF626B18BEFB0652 /* GitRepoWatcher.swift */ = {isa = PBXFileReference; lastKnownFileType = sourcecode.swift; path = GitRepoWatcher.swift; sourceTree = "<group>"; };
		1ADF64AFC427FB3EFB4E3B8D /* RainbowGlowBorder.swift */ = {isa = PBXFileReference; lastKnownFileType = sourcecode.swift; path = RainbowGlowBorder.swift; sourceTree = "<group>"; };
		1F800481D8EFAF097874BCD6 /* CommandLoggerTests.swift */ = {isa = PBXFileReference; lastKnownFileType = sourcecode.swift; path = CommandLoggerTests.swift; sourceTree = "<group>"; };
		21C678203E1232F502408FC4 /* BranchListViewModelTests.swift */ = {isa = PBXFileReference; lastKnownFileType = sourcecode.swift; path = BranchListViewModelTests.swift; sourceTree = "<group>"; };
		21C743A9025B29720096DF4A /* IPCMessage.swift */ = {isa = PBXFileReference; lastKnownFileType = sourcecode.swift; path = IPCMessage.swift; sourceTree = "<group>"; };
		26B314263FE6C56CD9C15440 /* SidebarState.swift */ = {isa = PBXFileReference; lastKnownFileType = sourcecode.swift; path = SidebarState.swift; sourceTree = "<group>"; };
		27130E997EE1B61EB69619F3 /* AppMetrics.swift */ = {isa = PBXFileReference; lastKnownFileType = sourcecode.swift; path = AppMetrics.swift; sourceTree = "<group>"; };
		2C954592C036B9C1EE1AEA6A /* SplitTreeTests.swift */ = {isa = PBXFileReference; lastKnownFileType = sourcecode.swift; path = SplitTreeTests.swift; sourceTree = "<group>"; };
		32A666533B0FBA6AE07FF79B /* WorkspaceCollection.swift */ = {isa = PBXFileReference; lastKnownFileType = sourcecode.swift; path = WorkspaceCollection.swift; sourceTree = "<group>"; };
		32A87EB25E5E3788D6B0AF47 /* CloseConfirmationDialog.swift */ = {isa = PBXFileReference; lastKnownFileType = sourcecode.swift; path = CloseConfirmationDialog.swift; sourceTree = "<group>"; };
		33B2BD06E15DC859D07D2876 /* WorktreeConfigParserTests.swift */ = {isa = PBXFileReference; lastKnownFileType = sourcecode.swift; path = WorktreeConfigParserTests.swift; sourceTree = "<group>"; };
		36DB4383E9B6C488E129D784 /* Colors.swift */ = {isa = PBXFileReference; lastKnownFileType = sourcecode.swift; path = Colors.swift; sourceTree = "<group>"; };
		37F63894309F2159DA6E747B /* SidebarPanelView.swift */ = {isa = PBXFileReference; lastKnownFileType = sourcecode.swift; path = SidebarPanelView.swift; sourceTree = "<group>"; };
		39153177FDE53F1BF0565124 /* PaneState.swift */ = {isa = PBXFileReference; lastKnownFileType = sourcecode.swift; path = PaneState.swift; sourceTree = "<group>"; };
		3A45F449E344D50879380BFC /* tian.app */ = {isa = PBXFileReference; explicitFileType = wrapper.application; includeInIndex = 0; path = tian.app; sourceTree = BUILT_PRODUCTS_DIR; };
		3CA4ECFE1994D1CA3771E782 /* TabBarItemView.swift */ = {isa = PBXFileReference; lastKnownFileType = sourcecode.swift; path = TabBarItemView.swift; sourceTree = "<group>"; };
		3CB56C32480CC3BB01AB1368 /* SessionRestorerTests.swift */ = {isa = PBXFileReference; lastKnownFileType = sourcecode.swift; path = SessionRestorerTests.swift; sourceTree = "<group>"; };
		3F236736A6D0E49150BDA363 /* FileLogWriter.swift */ = {isa = PBXFileReference; lastKnownFileType = sourcecode.swift; path = FileLogWriter.swift; sourceTree = "<group>"; };
		4015E2C59F740C484C797D86 /* SplitNavigationTests.swift */ = {isa = PBXFileReference; lastKnownFileType = sourcecode.swift; path = SplitNavigationTests.swift; sourceTree = "<group>"; };
		41B1C1573482F36255160E09 /* WorkingDirectoryResolver.swift */ = {isa = PBXFileReference; lastKnownFileType = sourcecode.swift; path = WorkingDirectoryResolver.swift; sourceTree = "<group>"; };
		45B590659AD477524F965EEB /* QuitConfirmationDialog.swift */ = {isa = PBXFileReference; lastKnownFileType = sourcecode.swift; path = QuitConfirmationDialog.swift; sourceTree = "<group>"; };
		466F015CBE63BF247E847E99 /* GitTypes.swift */ = {isa = PBXFileReference; lastKnownFileType = sourcecode.swift; path = GitTypes.swift; sourceTree = "<group>"; };
		46A4AFC218DC4E516428C896 /* WorktreeServiceTests.swift */ = {isa = PBXFileReference; lastKnownFileType = sourcecode.swift; path = WorktreeServiceTests.swift; sourceTree = "<group>"; };
		4756E9572A78B2D0983F5C55 /* EnvironmentBuilder.swift */ = {isa = PBXFileReference; lastKnownFileType = sourcecode.swift; path = EnvironmentBuilder.swift; sourceTree = "<group>"; };
		486E6D4F58BB5FA732C447FB /* IPCServerTests.swift */ = {isa = PBXFileReference; lastKnownFileType = sourcecode.swift; path = IPCServerTests.swift; sourceTree = "<group>"; };
		4B34D3462E9FEEA419DF10D3 /* SessionSerializer.swift */ = {isa = PBXFileReference; lastKnownFileType = sourcecode.swift; path = SessionSerializer.swift; sourceTree = "<group>"; };
		4D1CF8E5CD889C94F7100606 /* Assets.xcassets */ = {isa = PBXFileReference; lastKnownFileType = folder.assetcatalog; path = Assets.xcassets; sourceTree = "<group>"; };
		4E74E42B9E6B13136E4141EA /* SplitTreeView.swift */ = {isa = PBXFileReference; lastKnownFileType = sourcecode.swift; path = SplitTreeView.swift; sourceTree = "<group>"; };
		50A300DFD4B65ECB86A0CCB3 /* DirectoryPicker.swift */ = {isa = PBXFileReference; lastKnownFileType = sourcecode.swift; path = DirectoryPicker.swift; sourceTree = "<group>"; };
		50E7BB77C29C70C55C457648 /* BranchNameInputView.swift */ = {isa = PBXFileReference; lastKnownFileType = sourcecode.swift; path = BranchNameInputView.swift; sourceTree = "<group>"; };
		51D80B9916749BC96966D909 /* PaneExitOverlay.swift */ = {isa = PBXFileReference; lastKnownFileType = sourcecode.swift; path = PaneExitOverlay.swift; sourceTree = "<group>"; };
		55B7F7BEF5AB6488083ABEF5 /* PaneNode.swift */ = {isa = PBXFileReference; lastKnownFileType = sourcecode.swift; path = PaneNode.swift; sourceTree = "<group>"; };
		562E6880ADE2A5E402341C06 /* EnvironmentBuilderTests.swift */ = {isa = PBXFileReference; lastKnownFileType = sourcecode.swift; path = EnvironmentBuilderTests.swift; sourceTree = "<group>"; };
		56CBC6206BB1E43708C347A9 /* ChangeBadgeView.swift */ = {isa = PBXFileReference; lastKnownFileType = sourcecode.swift; path = ChangeBadgeView.swift; sourceTree = "<group>"; };
		5907BFA07FE90913D8E13962 /* QuitFlowCoordinator.swift */ = {isa = PBXFileReference; lastKnownFileType = sourcecode.swift; path = QuitFlowCoordinator.swift; sourceTree = "<group>"; };
		5B5C423470A570BB3218B56F /* WorktreeOrchestratorTests.swift */ = {isa = PBXFileReference; lastKnownFileType = sourcecode.swift; path = WorktreeOrchestratorTests.swift; sourceTree = "<group>"; };
		5C17F10F7F1D49C9FB671D23 /* ANSIStripperTests.swift */ = {isa = PBXFileReference; lastKnownFileType = sourcecode.swift; path = ANSIStripperTests.swift; sourceTree = "<group>"; };
		609FABE9561B5F6DF36F0C40 /* IPCCommandHandler.swift */ = {isa = PBXFileReference; lastKnownFileType = sourcecode.swift; path = IPCCommandHandler.swift; sourceTree = "<group>"; };
		61588F65635E21D9416955F5 /* SplitLayoutTests.swift */ = {isa = PBXFileReference; lastKnownFileType = sourcecode.swift; path = SplitLayoutTests.swift; sourceTree = "<group>"; };
		61629EF32494B963BA16A2DA /* SplitContainerView.swift */ = {isa = PBXFileReference; lastKnownFileType = sourcecode.swift; path = SplitContainerView.swift; sourceTree = "<group>"; };
		62EFA009DDEC7DC752F3C370 /* BranchListViewModel.swift */ = {isa = PBXFileReference; lastKnownFileType = sourcecode.swift; path = BranchListViewModel.swift; sourceTree = "<group>"; };
		62FDC5AA8C1AADD7E19D4466 /* ClaudeSessionDotsView.swift */ = {isa = PBXFileReference; lastKnownFileType = sourcecode.swift; path = ClaudeSessionDotsView.swift; sourceTree = "<group>"; };
		657C8ED1BF2938572CB7DA50 /* SessionStateTests.swift */ = {isa = PBXFileReference; lastKnownFileType = sourcecode.swift; path = SessionStateTests.swift; sourceTree = "<group>"; };
		65B5061ACD4F7F0180881789 /* SplitNavigation.swift */ = {isa = PBXFileReference; lastKnownFileType = sourcecode.swift; path = SplitNavigation.swift; sourceTree = "<group>"; };
		6B135FCF8D99B9BD4A3A9442 /* GitRepoWatcherTests.swift */ = {isa = PBXFileReference; lastKnownFileType = sourcecode.swift; path = GitRepoWatcherTests.swift; sourceTree = "<group>"; };
		6B28A77B9939606521F11DD6 /* PaneViewModel.swift */ = {isa = PBXFileReference; lastKnownFileType = sourcecode.swift; path = PaneViewModel.swift; sourceTree = "<group>"; };
		6C0B03EEA4F9CE0209478F83 /* CLIError.swift */ = {isa = PBXFileReference; lastKnownFileType = sourcecode.swift; path = CLIError.swift; sourceTree = "<group>"; };
		6DFDAE51F194BECF56E2B24D /* PaneStatusManagerTests.swift */ = {isa = PBXFileReference; lastKnownFileType = sourcecode.swift; path = PaneStatusManagerTests.swift; sourceTree = "<group>"; };
		6F80041AC2C07B0D4318C8E1 /* IPCCommandHandlerTests.swift */ = {isa = PBXFileReference; lastKnownFileType = sourcecode.swift; path = IPCCommandHandlerTests.swift; sourceTree = "<group>"; };
		7140393154BCD53CFFD83DFE /* FuzzyMatchTests.swift */ = {isa = PBXFileReference; lastKnownFileType = sourcecode.swift; path = FuzzyMatchTests.swift; sourceTree = "<group>"; };
		74307A7AB385AB4F1FF19ECE /* WorkspaceWindowController.swift */ = {isa = PBXFileReference; lastKnownFileType = sourcecode.swift; path = WorkspaceWindowController.swift; sourceTree = "<group>"; };
		76D0BE5DA89FB2AE625177C9 /* SidebarToggleButton.swift */ = {isa = PBXFileReference; lastKnownFileType = sourcecode.swift; path = SidebarToggleButton.swift; sourceTree = "<group>"; };
		78BDCDDA8EC4CA8E4E6B3DD5 /* TianAppDelegate.swift */ = {isa = PBXFileReference; lastKnownFileType = sourcecode.swift; path = TianAppDelegate.swift; sourceTree = "<group>"; };
		7C71AF71BE3DD5CD11C56D45 /* BranchListService.swift */ = {isa = PBXFileReference; lastKnownFileType = sourcecode.swift; path = BranchListService.swift; sourceTree = "<group>"; };
		7CED3CC640D8CED45FD9363A /* IPCClient.swift */ = {isa = PBXFileReference; lastKnownFileType = sourcecode.swift; path = IPCClient.swift; sourceTree = "<group>"; };
		80AF8E330BAE27AF6FFCEB06 /* WindowCoordinator.swift */ = {isa = PBXFileReference; lastKnownFileType = sourcecode.swift; path = WindowCoordinator.swift; sourceTree = "<group>"; };
		83AD114AA36C4A2D08D90BBE /* WorkspaceCreationFlow.swift */ = {isa = PBXFileReference; lastKnownFileType = sourcecode.swift; path = WorkspaceCreationFlow.swift; sourceTree = "<group>"; };
		86CAF6EFDC7C9553B66A317E /* CommandRouter.swift */ = {isa = PBXFileReference; lastKnownFileType = sourcecode.swift; path = CommandRouter.swift; sourceTree = "<group>"; };
		8B478101EF22612F36F3AA45 /* CloseConfirmationDialogTests.swift */ = {isa = PBXFileReference; lastKnownFileType = sourcecode.swift; path = CloseConfirmationDialogTests.swift; sourceTree = "<group>"; };
		8E1669416BDE11E81BA9B9C1 /* PRStatusIndicatorView.swift */ = {isa = PBXFileReference; lastKnownFileType = sourcecode.swift; path = PRStatusIndicatorView.swift; sourceTree = "<group>"; };
		8F04BF6396DD3F35DF386BA2 /* SessionRestorer.swift */ = {isa = PBXFileReference; lastKnownFileType = sourcecode.swift; path = SessionRestorer.swift; sourceTree = "<group>"; };
		91638EC49BCC99759B16C2AA /* ANSIStripper.swift */ = {isa = PBXFileReference; lastKnownFileType = sourcecode.swift; path = ANSIStripper.swift; sourceTree = "<group>"; };
		93BCF52CE88A01C1256FEA7E /* GitStatusServiceTests.swift */ = {isa = PBXFileReference; lastKnownFileType = sourcecode.swift; path = GitStatusServiceTests.swift; sourceTree = "<group>"; };
		955A4BB4A01E547C53B46E2A /* CreateSpaceFlowTests.swift */ = {isa = PBXFileReference; lastKnownFileType = sourcecode.swift; path = CreateSpaceFlowTests.swift; sourceTree = "<group>"; };
		95C8C32DCB0F7BF52F152B4E /* IPCMessageTests.swift */ = {isa = PBXFileReference; lastKnownFileType = sourcecode.swift; path = IPCMessageTests.swift; sourceTree = "<group>"; };
		9698F7F1BEBF1C432FA185DF /* OutputFormatter.swift */ = {isa = PBXFileReference; lastKnownFileType = sourcecode.swift; path = OutputFormatter.swift; sourceTree = "<group>"; };
		98A860BB860703E889E39D94 /* WorkspaceTests.swift */ = {isa = PBXFileReference; lastKnownFileType = sourcecode.swift; path = WorkspaceTests.swift; sourceTree = "<group>"; };
		9A1481DC1BE3159A71371719 /* SpaceGitContext.swift */ = {isa = PBXFileReference; lastKnownFileType = sourcecode.swift; path = SpaceGitContext.swift; sourceTree = "<group>"; };
		9E4783A27ED48AAB25877490 /* DefaultWorkingDirectoryTests.swift */ = {isa = PBXFileReference; lastKnownFileType = sourcecode.swift; path = DefaultWorkingDirectoryTests.swift; sourceTree = "<group>"; };
		9F33A96A756FDCDA426B9926 /* SpaceStatusAreaViewLabelCoexistenceTests.swift */ = {isa = PBXFileReference; lastKnownFileType = sourcecode.swift; path = SpaceStatusAreaViewLabelCoexistenceTests.swift; sourceTree = "<group>"; };
		9F3AABE6DD7D1FF64EE62DBE /* SidebarContainerView.swift */ = {isa = PBXFileReference; lastKnownFileType = sourcecode.swift; path = SidebarContainerView.swift; sourceTree = "<group>"; };
		9FB662D2D7E549D628B1278C /* SpaceStatusAreaView.swift */ = {isa = PBXFileReference; lastKnownFileType = sourcecode.swift; path = SpaceStatusAreaView.swift; sourceTree = "<group>"; };
		A0E8EEA44B13F25A4B4286C9 /* ClaudeSessionState.swift */ = {isa = PBXFileReference; lastKnownFileType = sourcecode.swift; path = ClaudeSessionState.swift; sourceTree = "<group>"; };
		A13D8D1F03AC84278852B66A /* WorktreeConfigParser.swift */ = {isa = PBXFileReference; lastKnownFileType = sourcecode.swift; path = WorktreeConfigParser.swift; sourceTree = "<group>"; };
		A1DB6E072B6D0C8F455F10E0 /* BranchListServiceTests.swift */ = {isa = PBXFileReference; lastKnownFileType = sourcecode.swift; path = BranchListServiceTests.swift; sourceTree = "<group>"; };
		A2CD64B85352B5982ABE1B55 /* Logger.swift */ = {isa = PBXFileReference; lastKnownFileType = sourcecode.swift; path = Logger.swift; sourceTree = "<group>"; };
		A36DEAE3ECE498DC88F00091 /* SpaceCollectionTests.swift */ = {isa = PBXFileReference; lastKnownFileType = sourcecode.swift; path = SpaceCollectionTests.swift; sourceTree = "<group>"; };
		A3D22207E54FB408E99A1FFE /* WorkspaceManager.swift */ = {isa = PBXFileReference; lastKnownFileType = sourcecode.swift; path = WorkspaceManager.swift; sourceTree = "<group>"; };
		A6590C4F1AFA0E55D489EE0D /* SpaceCollection.swift */ = {isa = PBXFileReference; lastKnownFileType = sourcecode.swift; path = SpaceCollection.swift; sourceTree = "<group>"; };
		A6C47CCA9903BF347FE91D67 /* SidebarSpaceRowView.swift */ = {isa = PBXFileReference; lastKnownFileType = sourcecode.swift; path = SidebarSpaceRowView.swift; sourceTree = "<group>"; };
		A7CFB672AAC29C2374B1EBEA /* SetupCancelButton.swift */ = {isa = PBXFileReference; lastKnownFileType = sourcecode.swift; path = SetupCancelButton.swift; sourceTree = "<group>"; };
		A86104E0765AAFC4ADAA1D2C /* SpaceGitContextTests.swift */ = {isa = PBXFileReference; lastKnownFileType = sourcecode.swift; path = SpaceGitContextTests.swift; sourceTree = "<group>"; };
		ABBF12A6EAEBDDAF1B643961 /* PaneView.swift */ = {isa = PBXFileReference; lastKnownFileType = sourcecode.swift; path = PaneView.swift; sourceTree = "<group>"; };
		AC4FB6ECF756FB902120276E /* SessionState.swift */ = {isa = PBXFileReference; lastKnownFileType = sourcecode.swift; path = SessionState.swift; sourceTree = "<group>"; };
		B0E455F6E7F7488A6B2BC5B2 /* SidebarExpandedContentView.swift */ = {isa = PBXFileReference; lastKnownFileType = sourcecode.swift; path = SidebarExpandedContentView.swift; sourceTree = "<group>"; };
		B2339E52388B7D4537FC6637 /* tianUITests.xctest */ = {isa = PBXFileReference; explicitFileType = wrapper.cfbundle; includeInIndex = 0; path = tianUITests.xctest; sourceTree = BUILT_PRODUCTS_DIR; };
		B2C30F8DA01C9ACC4088A9DC /* GhosttyApp.swift */ = {isa = PBXFileReference; lastKnownFileType = sourcecode.swift; path = GhosttyApp.swift; sourceTree = "<group>"; };
		B2F3EA6BC16384B774724D4C /* Workspace.swift */ = {isa = PBXFileReference; lastKnownFileType = sourcecode.swift; path = Workspace.swift; sourceTree = "<group>"; };
		B40436F5B2A438A338BFD589 /* DebugOverlayView.swift */ = {isa = PBXFileReference; lastKnownFileType = sourcecode.swift; path = DebugOverlayView.swift; sourceTree = "<group>"; };
		B5162002EFF8A791CA0E99AE /* ShellReadinessWaiter.swift */ = {isa = PBXFileReference; lastKnownFileType = sourcecode.swift; path = ShellReadinessWaiter.swift; sourceTree = "<group>"; };
		B7F58A13AD5AB348B5A0BC6A /* WorkspaceCreationFlowTests.swift */ = {isa = PBXFileReference; lastKnownFileType = sourcecode.swift; path = WorkspaceCreationFlowTests.swift; sourceTree = "<group>"; };
		B91792E3C605A2A1B6417188 /* TerminalSurfaceView.swift */ = {isa = PBXFileReference; lastKnownFileType = sourcecode.swift; path = TerminalSurfaceView.swift; sourceTree = "<group>"; };
		B9283C628619CFCA32E0715D /* BusyDotView.swift */ = {isa = PBXFileReference; lastKnownFileType = sourcecode.swift; path = BusyDotView.swift; sourceTree = "<group>"; };
		B9FE5D417560C37E3E0366D3 /* WorkspaceSidebarUITests.swift */ = {isa = PBXFileReference; lastKnownFileType = sourcecode.swift; path = WorkspaceSidebarUITests.swift; sourceTree = "<group>"; };
		BBDDE2ED7D2608697304D67E /* WorkingDirectoryResolverTests.swift */ = {isa = PBXFileReference; lastKnownFileType = sourcecode.swift; path = WorkingDirectoryResolverTests.swift; sourceTree = "<group>"; };
		BF092080FCFAD7CE159DC8FA /* PRStatusCacheTests.swift */ = {isa = PBXFileReference; lastKnownFileType = sourcecode.swift; path = PRStatusCacheTests.swift; sourceTree = "<group>"; };
		C4A901780F0182A06440682F /* tian-Bridging-Header.h */ = {isa = PBXFileReference; lastKnownFileType = sourcecode.c.h; path = "tian-Bridging-Header.h"; sourceTree = "<group>"; };
		C64BE9133B026CC361A24E37 /* NotificationManagerTests.swift */ = {isa = PBXFileReference; lastKnownFileType = sourcecode.swift; path = NotificationManagerTests.swift; sourceTree = "<group>"; };
		C87F3DCF9C4BCC4C85F54803 /* TabModel.swift */ = {isa = PBXFileReference; lastKnownFileType = sourcecode.swift; path = TabModel.swift; sourceTree = "<group>"; };
		CC0C94A43F628E6B21867E39 /* GitFileListPopover.swift */ = {isa = PBXFileReference; lastKnownFileType = sourcecode.swift; path = GitFileListPopover.swift; sourceTree = "<group>"; };
		CD607D18786EB91CA0792F06 /* ProcessDetector.swift */ = {isa = PBXFileReference; lastKnownFileType = sourcecode.swift; path = ProcessDetector.swift; sourceTree = "<group>"; };
		CD752CE1521B0C33E8EB4DBA /* InlineRenameView.swift */ = {isa = PBXFileReference; lastKnownFileType = sourcecode.swift; path = InlineRenameView.swift; sourceTree = "<group>"; };
		CE8FA4AF7C220018C34BD538 /* GitStatusService.swift */ = {isa = PBXFileReference; lastKnownFileType = sourcecode.swift; path = GitStatusService.swift; sourceTree = "<group>"; };
		CFED1506E346F83A65931BAD /* SpaceDragItem.swift */ = {isa = PBXFileReference; lastKnownFileType = sourcecode.swift; path = SpaceDragItem.swift; sourceTree = "<group>"; };
		D01EB4B29F2BF0FDD8BABFE5 /* main.swift */ = {isa = PBXFileReference; lastKnownFileType = sourcecode.swift; path = main.swift; sourceTree = "<group>"; };
		D22C3025FF545634BF079A2F /* IPCServer.swift */ = {isa = PBXFileReference; lastKnownFileType = sourcecode.swift; path = IPCServer.swift; sourceTree = "<group>"; };
		D398A918343603781236FFEE /* WorktreeConfig.swift */ = {isa = PBXFileReference; lastKnownFileType = sourcecode.swift; path = WorktreeConfig.swift; sourceTree = "<group>"; };
		D453F518F0DF212629FEF17B /* GhosttyTerminalSurface.swift */ = {isa = PBXFileReference; lastKnownFileType = sourcecode.swift; path = GhosttyTerminalSurface.swift; sourceTree = "<group>"; };
		D4AAC4469DD8CA1D39B8377A /* RepoStatusLineView.swift */ = {isa = PBXFileReference; lastKnownFileType = sourcecode.swift; path = RepoStatusLineView.swift; sourceTree = "<group>"; };
		D6B2EF763423A4D95AFD0A0C /* KeyBindingRegistry.swift */ = {isa = PBXFileReference; lastKnownFileType = sourcecode.swift; path = KeyBindingRegistry.swift; sourceTree = "<group>"; };
		D9D78BF9C5669B7476999AAE /* PRStatusCache.swift */ = {isa = PBXFileReference; lastKnownFileType = sourcecode.swift; path = PRStatusCache.swift; sourceTree = "<group>"; };
		DA28A5D64674D59B261B34AA /* WorkspaceEmptyStateView.swift */ = {isa = PBXFileReference; lastKnownFileType = sourcecode.swift; path = WorkspaceEmptyStateView.swift; sourceTree = "<group>"; };
		DB01B89E985F10D13B8CC3E2 /* WorktreeOrchestrator.swift */ = {isa = PBXFileReference; lastKnownFileType = sourcecode.swift; path = WorktreeOrchestrator.swift; sourceTree = "<group>"; };
		DB301CFCF53BCA6EC5F89289 /* SplitLayout.swift */ = {isa = PBXFileReference; lastKnownFileType = sourcecode.swift; path = SplitLayout.swift; sourceTree = "<group>"; };
		DC13D83A86F119198A6A431C /* IPCMessage.swift */ = {isa = PBXFileReference; lastKnownFileType = sourcecode.swift; path = IPCMessage.swift; sourceTree = "<group>"; };
		DCE01F67DC990766D7C1B9FE /* KeyAction.swift */ = {isa = PBXFileReference; lastKnownFileType = sourcecode.swift; path = KeyAction.swift; sourceTree = "<group>"; };
		DF8F599A21C0FE976909DE27 /* CommandLogger.swift */ = {isa = PBXFileReference; lastKnownFileType = sourcecode.swift; path = CommandLogger.swift; sourceTree = "<group>"; };
		E047EB48BB51F0CE41A21F0E /* TerminalContentView.swift */ = {isa = PBXFileReference; lastKnownFileType = sourcecode.swift; path = TerminalContentView.swift; sourceTree = "<group>"; };
		E23916A64583A63686ECA57D /* SplitTree.swift */ = {isa = PBXFileReference; lastKnownFileType = sourcecode.swift; path = SplitTree.swift; sourceTree = "<group>"; };
		E23AB05E3D3C3A2C2D052B05 /* WorkspaceProviding.swift */ = {isa = PBXFileReference; lastKnownFileType = sourcecode.swift; path = WorkspaceProviding.swift; sourceTree = "<group>"; };
		E5445DB21B852BF9FCE7CBE2 /* TabDragItem.swift */ = {isa = PBXFileReference; lastKnownFileType = sourcecode.swift; path = TabDragItem.swift; sourceTree = "<group>"; };
		E7569E77115D8F1D9AC49837 /* FuzzyMatch.swift */ = {isa = PBXFileReference; lastKnownFileType = sourcecode.swift; path = FuzzyMatch.swift; sourceTree = "<group>"; };
		EDC15D6CBC7BAD705B1DA5E5 /* SessionStateMigrator.swift */ = {isa = PBXFileReference; lastKnownFileType = sourcecode.swift; path = SessionStateMigrator.swift; sourceTree = "<group>"; };
		EF121AA5B046AA14D62A8F5A /* WorktreeForceRemoveDialog.swift */ = {isa = PBXFileReference; lastKnownFileType = sourcecode.swift; path = WorktreeForceRemoveDialog.swift; sourceTree = "<group>"; };
		F0F8162017C7F6D7383AF37D /* WorkspaceDragItem.swift */ = {isa = PBXFileReference; lastKnownFileType = sourcecode.swift; path = WorkspaceDragItem.swift; sourceTree = "<group>"; };
		F429DFE3A26308E926AE4F8C /* NotificationManager.swift */ = {isa = PBXFileReference; lastKnownFileType = sourcecode.swift; path = NotificationManager.swift; sourceTree = "<group>"; };
		F6A23B694BB44B8C4C2CBC16 /* WorktreeCloseDialog.swift */ = {isa = PBXFileReference; lastKnownFileType = sourcecode.swift; path = WorktreeCloseDialog.swift; sourceTree = "<group>"; };
		F75743232A0546415DA45AC0 /* WorktreeCreateResult.swift */ = {isa = PBXFileReference; lastKnownFileType = sourcecode.swift; path = WorktreeCreateResult.swift; sourceTree = "<group>"; };
		F835493A5A9B53060DBD82EC /* PaneHierarchyContext.swift */ = {isa = PBXFileReference; lastKnownFileType = sourcecode.swift; path = PaneHierarchyContext.swift; sourceTree = "<group>"; };
		F917EC30136EF33475BFC4AA /* PaneStatusManager.swift */ = {isa = PBXFileReference; lastKnownFileType = sourcecode.swift; path = PaneStatusManager.swift; sourceTree = "<group>"; };
		FB459FBA3A20228B5B9ED6C2 /* TianApp.swift */ = {isa = PBXFileReference; lastKnownFileType = sourcecode.swift; path = TianApp.swift; sourceTree = "<group>"; };
		FBAC3EB7C855DFD6EA20825F /* SidebarWorkspaceHeaderView.swift */ = {isa = PBXFileReference; lastKnownFileType = sourcecode.swift; path = SidebarWorkspaceHeaderView.swift; sourceTree = "<group>"; };
		FDC770587A1BB6D6C0B3B491 /* tianTests.xctest */ = {isa = PBXFileReference; explicitFileType = wrapper.cfbundle; includeInIndex = 0; path = tianTests.xctest; sourceTree = BUILT_PRODUCTS_DIR; };
/* End PBXFileReference section */

/* Begin PBXFrameworksBuildPhase section */
		04844EE68F89308A6697F353 /* Frameworks */ = {
			isa = PBXFrameworksBuildPhase;
			buildActionMask = 2147483647;
			files = (
				F8B37AB6375F9E68F79357F5 /* TOMLKit in Frameworks */,
			);
			runOnlyForDeploymentPostprocessing = 0;
		};
		4319131E5CE7EEE6D3B519CB /* Frameworks */ = {
			isa = PBXFrameworksBuildPhase;
			buildActionMask = 2147483647;
			files = (
				208DF6D1B0AA9858B23712BE /* ArgumentParser in Frameworks */,
			);
			runOnlyForDeploymentPostprocessing = 0;
		};
/* End PBXFrameworksBuildPhase section */

/* Begin PBXGroup section */
		019069168597F8D3C404BF22 /* Utilities */ = {
			isa = PBXGroup;
			children = (
				27130E997EE1B61EB69619F3 /* AppMetrics.swift */,
				36DB4383E9B6C488E129D784 /* Colors.swift */,
				50A300DFD4B65ECB86A0CCB3 /* DirectoryPicker.swift */,
				043EDDD6B4F166F59429995F /* FileLogger.swift */,
				3F236736A6D0E49150BDA363 /* FileLogWriter.swift */,
				E7569E77115D8F1D9AC49837 /* FuzzyMatch.swift */,
				A2CD64B85352B5982ABE1B55 /* Logger.swift */,
				41B1C1573482F36255160E09 /* WorkingDirectoryResolver.swift */,
			);
			path = Utilities;
			sourceTree = "<group>";
		};
		1409833C786A9ED4C407318B /* TabBar */ = {
			isa = PBXGroup;
			children = (
				3CA4ECFE1994D1CA3771E782 /* TabBarItemView.swift */,
				0AF484155BBD3203CC44F14D /* TabBarView.swift */,
			);
			path = TabBar;
			sourceTree = "<group>";
		};
		2069E8DC97ED64B88C712770 /* Workspace */ = {
			isa = PBXGroup;
			children = (
				B2F3EA6BC16384B774724D4C /* Workspace.swift */,
				32A666533B0FBA6AE07FF79B /* WorkspaceCollection.swift */,
				A3D22207E54FB408E99A1FFE /* WorkspaceManager.swift */,
			);
			path = Workspace;
			sourceTree = "<group>";
		};
		244C337BBAD29B2348432955 /* View */ = {
			isa = PBXGroup;
			children = (
				32A87EB25E5E3788D6B0AF47 /* CloseConfirmationDialog.swift */,
				B40436F5B2A438A338BFD589 /* DebugOverlayView.swift */,
				03B0741548EE7CEF56BA64AA /* DefaultDirectoryMenu.swift */,
				51D80B9916749BC96966D909 /* PaneExitOverlay.swift */,
				ABBF12A6EAEBDDAF1B643961 /* PaneView.swift */,
				45B590659AD477524F965EEB /* QuitConfirmationDialog.swift */,
				61629EF32494B963BA16A2DA /* SplitContainerView.swift */,
				4E74E42B9E6B13136E4141EA /* SplitTreeView.swift */,
				E047EB48BB51F0CE41A21F0E /* TerminalContentView.swift */,
				B91792E3C605A2A1B6417188 /* TerminalSurfaceView.swift */,
				A393472E13F0CE9C5537278C /* Shared */,
				E2E1A0B68647FF3B365451F3 /* Sidebar */,
				1409833C786A9ED4C407318B /* TabBar */,
				C08AFB9DD0CF31543AF48B6D /* Workspace */,
				A0672E69400C9C41C4102348 /* Worktree */,
			);
			path = View;
			sourceTree = "<group>";
		};
		24BF2F4CD4BC8E5780B15BD1 /* tianUITests */ = {
			isa = PBXGroup;
			children = (
				B9FE5D417560C37E3E0366D3 /* WorkspaceSidebarUITests.swift */,
			);
			path = tianUITests;
			sourceTree = "<group>";
		};
		292723F0246C1D6E04F16889 /* tian-cli */ = {
			isa = PBXGroup;
			children = (
				6C0B03EEA4F9CE0209478F83 /* CLIError.swift */,
				DF8F599A21C0FE976909DE27 /* CommandLogger.swift */,
				86CAF6EFDC7C9553B66A317E /* CommandRouter.swift */,
				7CED3CC640D8CED45FD9363A /* IPCClient.swift */,
				DC13D83A86F119198A6A431C /* IPCMessage.swift */,
				D01EB4B29F2BF0FDD8BABFE5 /* main.swift */,
				9698F7F1BEBF1C432FA185DF /* OutputFormatter.swift */,
			);
			path = "tian-cli";
			sourceTree = "<group>";
		};
		336059507A736F18BB98168B /* tian */ = {
			isa = PBXGroup;
			children = (
				4D1CF8E5CD889C94F7100606 /* Assets.xcassets */,
				C4A901780F0182A06440682F /* tian-Bridging-Header.h */,
				0196C75B10D93AB6C17D0F13 /* tian.entitlements */,
				E174207D71A1C776EA954E75 /* App */,
				BD6208566CA95B6C6AE1713D /* Core */,
				4AFBA7BAA39788E851954E2F /* DragAndDrop */,
				C2F0994403FD155EC8B24103 /* Input */,
				9AB6EFAABD609C9F0923E231 /* Pane */,
				404F56410A7F7C4C836D01C2 /* Persistence */,
				D5E52E84728849C1F0C892D9 /* Tab */,
				019069168597F8D3C404BF22 /* Utilities */,
				244C337BBAD29B2348432955 /* View */,
				61C1D28C78E8D72D06AD35BD /* WindowManagement */,
				2069E8DC97ED64B88C712770 /* Workspace */,
				E1170E0327BB07DCC0195B60 /* Worktree */,
			);
			path = tian;
			sourceTree = "<group>";
		};
		404F56410A7F7C4C836D01C2 /* Persistence */ = {
			isa = PBXGroup;
			children = (
				CD607D18786EB91CA0792F06 /* ProcessDetector.swift */,
				11B947DFFBCCC9FA031F8413 /* RestoreMetrics.swift */,
				8F04BF6396DD3F35DF386BA2 /* SessionRestorer.swift */,
				4B34D3462E9FEEA419DF10D3 /* SessionSerializer.swift */,
				AC4FB6ECF756FB902120276E /* SessionState.swift */,
				EDC15D6CBC7BAD705B1DA5E5 /* SessionStateMigrator.swift */,
			);
			path = Persistence;
			sourceTree = "<group>";
		};
		4AFBA7BAA39788E851954E2F /* DragAndDrop */ = {
			isa = PBXGroup;
			children = (
				CFED1506E346F83A65931BAD /* SpaceDragItem.swift */,
				E5445DB21B852BF9FCE7CBE2 /* TabDragItem.swift */,
				F0F8162017C7F6D7383AF37D /* WorkspaceDragItem.swift */,
			);
			path = DragAndDrop;
			sourceTree = "<group>";
		};
		57C1F1073C07D572E294C9D6 /* tianTests */ = {
			isa = PBXGroup;
			children = (
				5C17F10F7F1D49C9FB671D23 /* ANSIStripperTests.swift */,
				A1DB6E072B6D0C8F455F10E0 /* BranchListServiceTests.swift */,
				21C678203E1232F502408FC4 /* BranchListViewModelTests.swift */,
				00AB9BE756A7E5563E0EFF17 /* ClaudeSessionStateTests.swift */,
				8B478101EF22612F36F3AA45 /* CloseConfirmationDialogTests.swift */,
				1F800481D8EFAF097874BCD6 /* CommandLoggerTests.swift */,
				955A4BB4A01E547C53B46E2A /* CreateSpaceFlowTests.swift */,
				9E4783A27ED48AAB25877490 /* DefaultWorkingDirectoryTests.swift */,
				562E6880ADE2A5E402341C06 /* EnvironmentBuilderTests.swift */,
				7140393154BCD53CFFD83DFE /* FuzzyMatchTests.swift */,
				6B135FCF8D99B9BD4A3A9442 /* GitRepoWatcherTests.swift */,
				93BCF52CE88A01C1256FEA7E /* GitStatusServiceTests.swift */,
				6F80041AC2C07B0D4318C8E1 /* IPCCommandHandlerTests.swift */,
				95C8C32DCB0F7BF52F152B4E /* IPCMessageTests.swift */,
				486E6D4F58BB5FA732C447FB /* IPCServerTests.swift */,
				C64BE9133B026CC361A24E37 /* NotificationManagerTests.swift */,
				6DFDAE51F194BECF56E2B24D /* PaneStatusManagerTests.swift */,
				0696163BA41D14B86B5F502F /* ProcessDetectorTests.swift */,
				BF092080FCFAD7CE159DC8FA /* PRStatusCacheTests.swift */,
				3CB56C32480CC3BB01AB1368 /* SessionRestorerTests.swift */,
				657C8ED1BF2938572CB7DA50 /* SessionStateTests.swift */,
				A36DEAE3ECE498DC88F00091 /* SpaceCollectionTests.swift */,
				A86104E0765AAFC4ADAA1D2C /* SpaceGitContextTests.swift */,
				9F33A96A756FDCDA426B9926 /* SpaceStatusAreaViewLabelCoexistenceTests.swift */,
				61588F65635E21D9416955F5 /* SplitLayoutTests.swift */,
				4015E2C59F740C484C797D86 /* SplitNavigationTests.swift */,
				2C954592C036B9C1EE1AEA6A /* SplitTreeTests.swift */,
				BBDDE2ED7D2608697304D67E /* WorkingDirectoryResolverTests.swift */,
				B7F58A13AD5AB348B5A0BC6A /* WorkspaceCreationFlowTests.swift */,
				98A860BB860703E889E39D94 /* WorkspaceTests.swift */,
				33B2BD06E15DC859D07D2876 /* WorktreeConfigParserTests.swift */,
				5B5C423470A570BB3218B56F /* WorktreeOrchestratorTests.swift */,
				46A4AFC218DC4E516428C896 /* WorktreeServiceTests.swift */,
			);
			path = tianTests;
			sourceTree = "<group>";
		};
		61C1D28C78E8D72D06AD35BD /* WindowManagement */ = {
			isa = PBXGroup;
			children = (
				5907BFA07FE90913D8E13962 /* QuitFlowCoordinator.swift */,
				78BDCDDA8EC4CA8E4E6B3DD5 /* TianAppDelegate.swift */,
				04AD6705C478F4DC68CDB1BD /* TrafficLightAligner.swift */,
				80AF8E330BAE27AF6FFCEB06 /* WindowCoordinator.swift */,
				83AD114AA36C4A2D08D90BBE /* WorkspaceCreationFlow.swift */,
				74307A7AB385AB4F1FF19ECE /* WorkspaceWindowController.swift */,
			);
			path = WindowManagement;
			sourceTree = "<group>";
		};
		8ACF08F620BC132E28D4AAF6 /* Products */ = {
			isa = PBXGroup;
			children = (
				092AB2597E484AA828879F40 /* tian-cli */,
				3A45F449E344D50879380BFC /* tian.app */,
				FDC770587A1BB6D6C0B3B491 /* tianTests.xctest */,
				B2339E52388B7D4537FC6637 /* tianUITests.xctest */,
			);
			name = Products;
			sourceTree = "<group>";
		};
		9AB6EFAABD609C9F0923E231 /* Pane */ = {
			isa = PBXGroup;
			children = (
				F835493A5A9B53060DBD82EC /* PaneHierarchyContext.swift */,
				55B7F7BEF5AB6488083ABEF5 /* PaneNode.swift */,
				39153177FDE53F1BF0565124 /* PaneState.swift */,
				F917EC30136EF33475BFC4AA /* PaneStatusManager.swift */,
				6B28A77B9939606521F11DD6 /* PaneViewModel.swift */,
				DB301CFCF53BCA6EC5F89289 /* SplitLayout.swift */,
				65B5061ACD4F7F0180881789 /* SplitNavigation.swift */,
				E23916A64583A63686ECA57D /* SplitTree.swift */,
			);
			path = Pane;
			sourceTree = "<group>";
		};
		A0672E69400C9C41C4102348 /* Worktree */ = {
			isa = PBXGroup;
			children = (
				62EFA009DDEC7DC752F3C370 /* BranchListViewModel.swift */,
				50E7BB77C29C70C55C457648 /* BranchNameInputView.swift */,
				A7CFB672AAC29C2374B1EBEA /* SetupCancelButton.swift */,
				F6A23B694BB44B8C4C2CBC16 /* WorktreeCloseDialog.swift */,
				EF121AA5B046AA14D62A8F5A /* WorktreeForceRemoveDialog.swift */,
			);
			path = Worktree;
			sourceTree = "<group>";
		};
		A393472E13F0CE9C5537278C /* Shared */ = {
			isa = PBXGroup;
			children = (
				CD752CE1521B0C33E8EB4DBA /* InlineRenameView.swift */,
				1ADF64AFC427FB3EFB4E3B8D /* RainbowGlowBorder.swift */,
			);
			path = Shared;
			sourceTree = "<group>";
		};
		BD6208566CA95B6C6AE1713D /* Core */ = {
			isa = PBXGroup;
			children = (
				91638EC49BCC99759B16C2AA /* ANSIStripper.swift */,
				A0E8EEA44B13F25A4B4286C9 /* ClaudeSessionState.swift */,
				4756E9572A78B2D0983F5C55 /* EnvironmentBuilder.swift */,
				B2C30F8DA01C9ACC4088A9DC /* GhosttyApp.swift */,
				D453F518F0DF212629FEF17B /* GhosttyTerminalSurface.swift */,
				14C081B2CF626B18BEFB0652 /* GitRepoWatcher.swift */,
				CE8FA4AF7C220018C34BD538 /* GitStatusService.swift */,
				466F015CBE63BF247E847E99 /* GitTypes.swift */,
				609FABE9561B5F6DF36F0C40 /* IPCCommandHandler.swift */,
				21C743A9025B29720096DF4A /* IPCMessage.swift */,
				D22C3025FF545634BF079A2F /* IPCServer.swift */,
				F429DFE3A26308E926AE4F8C /* NotificationManager.swift */,
				D9D78BF9C5669B7476999AAE /* PRStatusCache.swift */,
			);
			path = Core;
			sourceTree = "<group>";
		};
		BEB0DA1E2426F8F7CBABDE69 = {
			isa = PBXGroup;
			children = (
				336059507A736F18BB98168B /* tian */,
				292723F0246C1D6E04F16889 /* tian-cli */,
				57C1F1073C07D572E294C9D6 /* tianTests */,
				24BF2F4CD4BC8E5780B15BD1 /* tianUITests */,
				8ACF08F620BC132E28D4AAF6 /* Products */,
			);
			sourceTree = "<group>";
		};
		C08AFB9DD0CF31543AF48B6D /* Workspace */ = {
			isa = PBXGroup;
			children = (
				DA28A5D64674D59B261B34AA /* WorkspaceEmptyStateView.swift */,
				1279FCE6A136125328AFE43A /* WorkspaceWindowContent.swift */,
			);
			path = Workspace;
			sourceTree = "<group>";
		};
		C2F0994403FD155EC8B24103 /* Input */ = {
			isa = PBXGroup;
			children = (
				DCE01F67DC990766D7C1B9FE /* KeyAction.swift */,
				D6B2EF763423A4D95AFD0A0C /* KeyBindingRegistry.swift */,
			);
			path = Input;
			sourceTree = "<group>";
		};
		D5E52E84728849C1F0C892D9 /* Tab */ = {
			isa = PBXGroup;
			children = (
				A6590C4F1AFA0E55D489EE0D /* SpaceCollection.swift */,
				9A1481DC1BE3159A71371719 /* SpaceGitContext.swift */,
				0D6B0FE9645D785EF2795FF1 /* SpaceModel.swift */,
				C87F3DCF9C4BCC4C85F54803 /* TabModel.swift */,
			);
			path = Tab;
			sourceTree = "<group>";
		};
		E1170E0327BB07DCC0195B60 /* Worktree */ = {
			isa = PBXGroup;
			children = (
				7C71AF71BE3DD5CD11C56D45 /* BranchListService.swift */,
				B5162002EFF8A791CA0E99AE /* ShellReadinessWaiter.swift */,
				E23AB05E3D3C3A2C2D052B05 /* WorkspaceProviding.swift */,
				D398A918343603781236FFEE /* WorktreeConfig.swift */,
				A13D8D1F03AC84278852B66A /* WorktreeConfigParser.swift */,
				F75743232A0546415DA45AC0 /* WorktreeCreateResult.swift */,
				104306BD2E92A1BED2ABB04A /* WorktreeError.swift */,
				DB01B89E985F10D13B8CC3E2 /* WorktreeOrchestrator.swift */,
				031AC9443C4AE94C6B2DAB96 /* WorktreeService.swift */,
			);
			path = Worktree;
			sourceTree = "<group>";
		};
		E174207D71A1C776EA954E75 /* App */ = {
			isa = PBXGroup;
			children = (
				FB459FBA3A20228B5B9ED6C2 /* TianApp.swift */,
				05A02B6BCBB05EC178CEC932 /* WorkspaceCommands.swift */,
			);
			path = App;
			sourceTree = "<group>";
		};
		E2E1A0B68647FF3B365451F3 /* Sidebar */ = {
			isa = PBXGroup;
			children = (
				B9283C628619CFCA32E0715D /* BusyDotView.swift */,
				56CBC6206BB1E43708C347A9 /* ChangeBadgeView.swift */,
				62FDC5AA8C1AADD7E19D4466 /* ClaudeSessionDotsView.swift */,
				CC0C94A43F628E6B21867E39 /* GitFileListPopover.swift */,
				8E1669416BDE11E81BA9B9C1 /* PRStatusIndicatorView.swift */,
				D4AAC4469DD8CA1D39B8377A /* RepoStatusLineView.swift */,
				9F3AABE6DD7D1FF64EE62DBE /* SidebarContainerView.swift */,
				B0E455F6E7F7488A6B2BC5B2 /* SidebarExpandedContentView.swift */,
				37F63894309F2159DA6E747B /* SidebarPanelView.swift */,
				A6C47CCA9903BF347FE91D67 /* SidebarSpaceRowView.swift */,
				26B314263FE6C56CD9C15440 /* SidebarState.swift */,
				76D0BE5DA89FB2AE625177C9 /* SidebarToggleButton.swift */,
				FBAC3EB7C855DFD6EA20825F /* SidebarWorkspaceHeaderView.swift */,
				9FB662D2D7E549D628B1278C /* SpaceStatusAreaView.swift */,
			);
			path = Sidebar;
			sourceTree = "<group>";
		};
		"TEMP_59480372-56D8-474D-888C-5E12D4489F10" /* Resources */ = {
			isa = PBXGroup;
			children = (
			);
			path = Resources;
			sourceTree = "<group>";
		};
/* End PBXGroup section */

/* Begin PBXNativeTarget section */
		28D9CB1E3E70132ED8A6369D /* tianTests */ = {
			isa = PBXNativeTarget;
			buildConfigurationList = A7CEE219ED2DCBD25E15A608 /* Build configuration list for PBXNativeTarget "tianTests" */;
			buildPhases = (
				DFDAC40E92FE0FA496FD9CEF /* Sources */,
			);
			buildRules = (
			);
			dependencies = (
				DDA7FAB9655C182841CF7AA6 /* PBXTargetDependency */,
			);
			name = tianTests;
			packageProductDependencies = (
			);
			productName = tianTests;
			productReference = FDC770587A1BB6D6C0B3B491 /* tianTests.xctest */;
			productType = "com.apple.product-type.bundle.unit-test";
		};
		9EA2C16CBC8E774725B38A38 /* tianUITests */ = {
			isa = PBXNativeTarget;
			buildConfigurationList = 548D38AC30E2D2A1C3FFBA31 /* Build configuration list for PBXNativeTarget "tianUITests" */;
			buildPhases = (
				17E5D9D68CD8C9C4799A7DD9 /* Sources */,
			);
			buildRules = (
			);
			dependencies = (
				E84A07C3595C5DE4445ED11F /* PBXTargetDependency */,
			);
			name = tianUITests;
			packageProductDependencies = (
			);
			productName = tianUITests;
			productReference = B2339E52388B7D4537FC6637 /* tianUITests.xctest */;
			productType = "com.apple.product-type.bundle.ui-testing";
		};
		C231A44A2A9020608BFA6FC6 /* tian-cli */ = {
			isa = PBXNativeTarget;
			buildConfigurationList = 3151F49A4F1DE9C1DE7F454A /* Build configuration list for PBXNativeTarget "tian-cli" */;
			buildPhases = (
				96B4E88F288C27581468A6C8 /* Sources */,
				4319131E5CE7EEE6D3B519CB /* Frameworks */,
			);
			buildRules = (
			);
			dependencies = (
			);
			name = "tian-cli";
			packageProductDependencies = (
				E54F093B858D398EE2617980 /* ArgumentParser */,
			);
			productName = "tian-cli";
			productReference = 092AB2597E484AA828879F40 /* tian-cli */;
			productType = "com.apple.product-type.tool";
		};
		FB92215D4D71C3A22BDF3C77 /* tian */ = {
			isa = PBXNativeTarget;
			buildConfigurationList = B6EEB65490B24F69B367AE4E /* Build configuration list for PBXNativeTarget "tian" */;
			buildPhases = (
				AAD5FCB80644F174EEC5466A /* Sources */,
				7CF1C27FD7DEEB4B86822AA6 /* Bundle tian-cli */,
				0EF33284D7E55CD85632454C /* Bundle Ghostty Resources */,
				001EB8D12E08C226583ED3D6 /* Bundle Claude Wrapper */,
				74204A1A90FAE0544B9BE466 /* Bundle Claude Settings */,
				FBDEE2E2D678EFD897485211 /* Bundle Claude Hook Logger */,
				4BB92185E63FAC95428E2975 /* Bundle Shell Integration */,
				F3A78930E37C38E9F309FA0C /* Resources */,
				04844EE68F89308A6697F353 /* Frameworks */,
			);
			buildRules = (
			);
			dependencies = (
				0DAA04785E0C26664E53C173 /* PBXTargetDependency */,
			);
			name = tian;
			packageProductDependencies = (
				6CF5B5EB2CC6F17DBEEC6550 /* TOMLKit */,
			);
			productName = tian;
			productReference = 3A45F449E344D50879380BFC /* tian.app */;
			productType = "com.apple.product-type.application";
		};
/* End PBXNativeTarget section */

/* Begin PBXProject section */
		D38F2F23E781CC373F6ECC9C /* Project object */ = {
			isa = PBXProject;
			attributes = {
				BuildIndependentTargetsInParallel = YES;
				LastUpgradeCheck = 2630;
				TargetAttributes = {
					9EA2C16CBC8E774725B38A38 = {
						TestTargetID = FB92215D4D71C3A22BDF3C77;
					};
				};
			};
			buildConfigurationList = 8E0C726C1B55D4A8331A7CEF /* Build configuration list for PBXProject "tian" */;
			developmentRegion = en;
			hasScannedForEncodings = 0;
			knownRegions = (
				Base,
				en,
			);
			mainGroup = BEB0DA1E2426F8F7CBABDE69;
			minimizedProjectReferenceProxies = 1;
			packageReferences = (
				F50CE7668A49B38F694AB472 /* XCRemoteSwiftPackageReference "TOMLKit" */,
				59B0C0739BD9414B6FBE8A9B /* XCRemoteSwiftPackageReference "swift-argument-parser" */,
			);
			preferredProjectObjectVersion = 77;
			productRefGroup = 8ACF08F620BC132E28D4AAF6 /* Products */;
			projectDirPath = "";
			projectRoot = "";
			targets = (
				FB92215D4D71C3A22BDF3C77 /* tian */,
				C231A44A2A9020608BFA6FC6 /* tian-cli */,
				28D9CB1E3E70132ED8A6369D /* tianTests */,
				9EA2C16CBC8E774725B38A38 /* tianUITests */,
			);
		};
/* End PBXProject section */

/* Begin PBXResourcesBuildPhase section */
		F3A78930E37C38E9F309FA0C /* Resources */ = {
			isa = PBXResourcesBuildPhase;
			buildActionMask = 2147483647;
			files = (
				5EB2B0BF67BE39645D2E8935 /* Assets.xcassets in Resources */,
				295A98524608ECE3CD5355C2 /* tian-cli in Resources */,
			);
			runOnlyForDeploymentPostprocessing = 0;
		};
/* End PBXResourcesBuildPhase section */

/* Begin PBXShellScriptBuildPhase section */
		001EB8D12E08C226583ED3D6 /* Bundle Claude Wrapper */ = {
			isa = PBXShellScriptBuildPhase;
			buildActionMask = 2147483647;
			files = (
			);
			inputFileListPaths = (
			);
			inputPaths = (
				"$(SRCROOT)/tian/Resources/claude",
			);
			name = "Bundle Claude Wrapper";
			outputFileListPaths = (
			);
			outputPaths = (
				"$(BUILT_PRODUCTS_DIR)/$(PRODUCT_NAME).app/Contents/Resources/claude",
			);
			runOnlyForDeploymentPostprocessing = 0;
			shellPath = /bin/sh;
			shellScript = "cp -f \"$SRCROOT/tian/Resources/claude\" \"$BUILT_PRODUCTS_DIR/${PRODUCT_NAME}.app/Contents/Resources/claude\"\nchmod +x \"$BUILT_PRODUCTS_DIR/${PRODUCT_NAME}.app/Contents/Resources/claude\"\n";
		};
		0EF33284D7E55CD85632454C /* Bundle Ghostty Resources */ = {
			isa = PBXShellScriptBuildPhase;
			buildActionMask = 2147483647;
			files = (
			);
			inputFileListPaths = (
			);
			inputPaths = (
				"$(SRCROOT)/.ghostty-src/zig-out/share/ghostty/",
				"$(SRCROOT)/.ghostty-src/zig-out/share/terminfo/",
			);
			name = "Bundle Ghostty Resources";
			outputFileListPaths = (
			);
			outputPaths = (
				"$(BUILT_PRODUCTS_DIR)/$(PRODUCT_NAME).app/Contents/Resources/ghostty/",
				"$(BUILT_PRODUCTS_DIR)/$(PRODUCT_NAME).app/Contents/Resources/terminfo/",
			);
			runOnlyForDeploymentPostprocessing = 0;
			shellPath = /bin/sh;
			shellScript = "SHARE=\"$SRCROOT/.ghostty-src/zig-out/share\"\nRESOURCES=\"$BUILT_PRODUCTS_DIR/${PRODUCT_NAME}.app/Contents/Resources\"\nrsync -a --delete \"$SHARE/ghostty/\" \"$RESOURCES/ghostty/\"\nrsync -a --delete \"$SHARE/terminfo/\" \"$RESOURCES/terminfo/\"\n";
		};
		4BB92185E63FAC95428E2975 /* Bundle Shell Integration */ = {
			isa = PBXShellScriptBuildPhase;
			buildActionMask = 2147483647;
			files = (
			);
			inputFileListPaths = (
			);
			inputPaths = (
				"$(SRCROOT)/tian/Resources/shell-integration/zsh/zshenv",
				"$(SRCROOT)/tian/Resources/shell-integration/zsh/zprofile",
				"$(SRCROOT)/tian/Resources/shell-integration/zsh/zshrc",
				"$(SRCROOT)/tian/Resources/shell-integration/zsh/zlogin",
				"$(SRCROOT)/tian/Resources/shell-integration/tian-zsh-integration.zsh",
				"$(SRCROOT)/tian/Resources/shell-integration/tian-bash-integration.bash",
			);
			name = "Bundle Shell Integration";
			outputFileListPaths = (
			);
			outputPaths = (
				"$(BUILT_PRODUCTS_DIR)/$(PRODUCT_NAME).app/Contents/Resources/shell-integration/zsh/.zshenv",
				"$(BUILT_PRODUCTS_DIR)/$(PRODUCT_NAME).app/Contents/Resources/shell-integration/tian-zsh-integration.zsh",
				"$(BUILT_PRODUCTS_DIR)/$(PRODUCT_NAME).app/Contents/Resources/shell-integration/tian-bash-integration.bash",
			);
			runOnlyForDeploymentPostprocessing = 0;
			shellPath = /bin/sh;
			shellScript = "SI_SRC=\"$SRCROOT/tian/Resources/shell-integration\"\nSI_DST=\"$BUILT_PRODUCTS_DIR/${PRODUCT_NAME}.app/Contents/Resources/shell-integration\"\nmkdir -p \"$SI_DST/zsh\"\n# Copy zsh dotfiles (renamed from non-dot source to dotfile in bundle)\nfor f in zshenv zprofile zshrc zlogin; do\n  cp -f \"$SI_SRC/zsh/$f\" \"$SI_DST/zsh/.$f\"\ndone\n# Copy integration scripts\ncp -f \"$SI_SRC/tian-zsh-integration.zsh\" \"$SI_DST/tian-zsh-integration.zsh\"\ncp -f \"$SI_SRC/tian-bash-integration.bash\" \"$SI_DST/tian-bash-integration.bash\"\n";
		};
		74204A1A90FAE0544B9BE466 /* Bundle Claude Settings */ = {
			isa = PBXShellScriptBuildPhase;
			buildActionMask = 2147483647;
			files = (
			);
			inputFileListPaths = (
			);
			inputPaths = (
				"$(SRCROOT)/tian/Resources/tian-claude-settings.json",
			);
			name = "Bundle Claude Settings";
			outputFileListPaths = (
			);
			outputPaths = (
				"$(BUILT_PRODUCTS_DIR)/$(PRODUCT_NAME).app/Contents/Resources/tian-claude-settings.json",
			);
			runOnlyForDeploymentPostprocessing = 0;
			shellPath = /bin/sh;
			shellScript = "cp -f \"$SRCROOT/tian/Resources/tian-claude-settings.json\" \"$BUILT_PRODUCTS_DIR/${PRODUCT_NAME}.app/Contents/Resources/tian-claude-settings.json\"";
		};
		7CF1C27FD7DEEB4B86822AA6 /* Bundle tian-cli */ = {
			isa = PBXShellScriptBuildPhase;
			buildActionMask = 2147483647;
			files = (
			);
			inputFileListPaths = (
			);
			inputPaths = (
				"$(BUILT_PRODUCTS_DIR)/tian-cli",
			);
			name = "Bundle tian-cli";
			outputFileListPaths = (
			);
			outputPaths = (
				"$(BUILT_PRODUCTS_DIR)/$(PRODUCT_NAME).app/Contents/MacOS/tian-cli",
			);
			runOnlyForDeploymentPostprocessing = 0;
			shellPath = /bin/sh;
			shellScript = "cp -f \"$BUILT_PRODUCTS_DIR/tian-cli\" \"$BUILT_PRODUCTS_DIR/${PRODUCT_NAME}.app/Contents/MacOS/tian-cli\"";
		};
		FBDEE2E2D678EFD897485211 /* Bundle Claude Hook Logger */ = {
			isa = PBXShellScriptBuildPhase;
			buildActionMask = 2147483647;
			files = (
			);
			inputFileListPaths = (
			);
			inputPaths = (
				"$(SRCROOT)/tian/Resources/tian-hook-log.sh",
			);
			name = "Bundle Claude Hook Logger";
			outputFileListPaths = (
			);
			outputPaths = (
				"$(BUILT_PRODUCTS_DIR)/$(PRODUCT_NAME).app/Contents/Resources/tian-hook-log.sh",
			);
			runOnlyForDeploymentPostprocessing = 0;
			shellPath = /bin/sh;
			shellScript = "cp -f \"$SRCROOT/tian/Resources/tian-hook-log.sh\" \"$BUILT_PRODUCTS_DIR/${PRODUCT_NAME}.app/Contents/Resources/tian-hook-log.sh\"\nchmod +x \"$BUILT_PRODUCTS_DIR/${PRODUCT_NAME}.app/Contents/Resources/tian-hook-log.sh\"\n";
		};
/* End PBXShellScriptBuildPhase section */

/* Begin PBXSourcesBuildPhase section */
		17E5D9D68CD8C9C4799A7DD9 /* Sources */ = {
			isa = PBXSourcesBuildPhase;
			buildActionMask = 2147483647;
			files = (
				56BB0225764A0A06A2DA7F05 /* WorkspaceSidebarUITests.swift in Sources */,
			);
			runOnlyForDeploymentPostprocessing = 0;
		};
		96B4E88F288C27581468A6C8 /* Sources */ = {
			isa = PBXSourcesBuildPhase;
			buildActionMask = 2147483647;
			files = (
				3BE61E041632D5F9D7D31642 /* CLIError.swift in Sources */,
				7605B0D1A2B770E5FAFF2C2C /* CommandLogger.swift in Sources */,
				56CE2B25C0DBA4D527A2A6BE /* CommandRouter.swift in Sources */,
				58B9F7E35F81D2A46016272A /* IPCClient.swift in Sources */,
				1BD24C0CFB06322C333E2C2D /* IPCMessage.swift in Sources */,
				C1582D2CF730CA1104472130 /* OutputFormatter.swift in Sources */,
				E8C50612DBF599520D4CE78D /* main.swift in Sources */,
			);
			runOnlyForDeploymentPostprocessing = 0;
		};
		AAD5FCB80644F174EEC5466A /* Sources */ = {
			isa = PBXSourcesBuildPhase;
			buildActionMask = 2147483647;
			files = (
				94449FF3D0527E2AE070B5FD /* ANSIStripper.swift in Sources */,
				641D32EF8293F32A9B8B213B /* AppMetrics.swift in Sources */,
				8407EEB561443152F6B3014A /* BranchListService.swift in Sources */,
				E813A2023EFB09C028EC12E3 /* BranchListViewModel.swift in Sources */,
				22306B7165B45EAA149B8C83 /* BranchNameInputView.swift in Sources */,
				F8158835E0466392F26B0CCB /* BusyDotView.swift in Sources */,
				017E9AE15465F997D537115A /* ChangeBadgeView.swift in Sources */,
				A050DD6A90DA4D0596220306 /* ClaudeSessionDotsView.swift in Sources */,
				3C8BD956DEDF67E010615947 /* ClaudeSessionState.swift in Sources */,
				871B038FBC5CB27582C426AD /* CloseConfirmationDialog.swift in Sources */,
				1DB93D09065D8F5996048A94 /* Colors.swift in Sources */,
				7D3FBCC2A2DF7A0F10CE327F /* DebugOverlayView.swift in Sources */,
				FC3EA821A17BA6A264C44801 /* DefaultDirectoryMenu.swift in Sources */,
				EF4245F7C570DE87C718757B /* DirectoryPicker.swift in Sources */,
				6B898E48F76B04D2CC6F56DB /* EnvironmentBuilder.swift in Sources */,
				7835D86422AA3893A9130198 /* FileLogWriter.swift in Sources */,
				ABF67ECDDE3194FEDF63B4ED /* FileLogger.swift in Sources */,
				03F2553D25C80877698ED9DE /* FuzzyMatch.swift in Sources */,
				E22F16CCCB55FFACD2C4125B /* GhosttyApp.swift in Sources */,
				8AC8C3F6EE68289BDE565F12 /* GhosttyTerminalSurface.swift in Sources */,
				3ADF427C879E30E34307B622 /* GitFileListPopover.swift in Sources */,
				845359C35C5DEE9D855FE050 /* GitRepoWatcher.swift in Sources */,
				CC87A73FFBD76DD7A17CBA15 /* GitStatusService.swift in Sources */,
				2DB7D6E5DA5CD2C5F998F2CF /* GitTypes.swift in Sources */,
				9292ED207A881E937864691E /* IPCCommandHandler.swift in Sources */,
				5B5EA7B5C56803EC0B02FA91 /* IPCMessage.swift in Sources */,
				6D2E061FDB65073F7A41DAE4 /* IPCServer.swift in Sources */,
				F1BD3D2EC067A8463D736653 /* InlineRenameView.swift in Sources */,
				DB181B740310B7C699E9E208 /* KeyAction.swift in Sources */,
				8EA927DD948FAC38EB68C024 /* KeyBindingRegistry.swift in Sources */,
				C0E3FC24613692FDF2EF9C2A /* Logger.swift in Sources */,
				91709B9B113BBECA45174E74 /* NotificationManager.swift in Sources */,
				98A5E873092A8A32B6C0B73D /* PRStatusCache.swift in Sources */,
				C4A3E856B0D6346AE36A0BA8 /* PRStatusIndicatorView.swift in Sources */,
				FD3B291A4A1C838B5408698C /* PaneExitOverlay.swift in Sources */,
				63D107964C159D9EA449EFED /* PaneHierarchyContext.swift in Sources */,
				9E633CC633174FC9BE2D2722 /* PaneNode.swift in Sources */,
				70C20A0FA76E044BE395C88E /* PaneState.swift in Sources */,
				2CC695F15CB575F99644BB89 /* PaneStatusManager.swift in Sources */,
				3C0CC4EE0224483BC038D81B /* PaneView.swift in Sources */,
				2EBC4B3461A8EC6E3FA7F6E2 /* PaneViewModel.swift in Sources */,
				CE6B00E9883128206994D907 /* ProcessDetector.swift in Sources */,
				5C357957E52B3F96A882D7FB /* QuitConfirmationDialog.swift in Sources */,
				9B6B05218619496866D529CF /* QuitFlowCoordinator.swift in Sources */,
				A4136676A46915F77079B269 /* RainbowGlowBorder.swift in Sources */,
				6A2E9457B203D5020FE35386 /* RepoStatusLineView.swift in Sources */,
				11D56EFD2D45E90BE78A25C8 /* RestoreMetrics.swift in Sources */,
				30471037E7559404FA909D11 /* SessionRestorer.swift in Sources */,
				EA107E923F3B37254DC62FA5 /* SessionSerializer.swift in Sources */,
				D9A7D0DD4B333139FBF85224 /* SessionState.swift in Sources */,
				AEF709EF9DE9C0F59D98E18E /* SessionStateMigrator.swift in Sources */,
				8FBEBC8D447BA1404829781C /* SetupCancelButton.swift in Sources */,
				C8EBE80EA4174113821732D8 /* ShellReadinessWaiter.swift in Sources */,
				B1194760C434966FF9676524 /* SidebarContainerView.swift in Sources */,
				21AC6781B4B7489148506218 /* SidebarExpandedContentView.swift in Sources */,
				3EDF3209F03487BE2804A017 /* SidebarPanelView.swift in Sources */,
				F6927FCD3FFDA489713D5BF0 /* SidebarSpaceRowView.swift in Sources */,
				8ABF93A40FD22A6068F95228 /* SidebarState.swift in Sources */,
				46CF64E0D910D6024BC4978E /* SidebarToggleButton.swift in Sources */,
				AF8D828622F1B43E129621BE /* SidebarWorkspaceHeaderView.swift in Sources */,
				2B5BB76626C0F9F0FC1D31DE /* SpaceCollection.swift in Sources */,
				23E6489B3FA38A33C5C1BBC7 /* SpaceDragItem.swift in Sources */,
				D06AE84597AEDF9025C77F0E /* SpaceGitContext.swift in Sources */,
				EB366F6AFD87C90F0E472D07 /* SpaceModel.swift in Sources */,
				18A54F6B3D7FD957F2D791B8 /* SpaceStatusAreaView.swift in Sources */,
				58A3B1A1D2A47CD892A1EE2E /* SplitContainerView.swift in Sources */,
				1AA7DB27FC900B61C8E4C224 /* SplitLayout.swift in Sources */,
				A20C864DE1531342A38C92E8 /* SplitNavigation.swift in Sources */,
				47CED4A7638F882DE8A7B196 /* SplitTree.swift in Sources */,
				EE3511A646413091F689B3D3 /* SplitTreeView.swift in Sources */,
				75D2063ED91A0E41B12B1040 /* TabBarItemView.swift in Sources */,
				F3A5B43460642196F24E31B7 /* TabBarView.swift in Sources */,
				1586F48F768E8AD189504F01 /* TabDragItem.swift in Sources */,
				3B3C7DD703E2D41BC0581F8B /* TabModel.swift in Sources */,
				059D977D5C6758BCD3F4F016 /* TerminalContentView.swift in Sources */,
				C03ADC9365FEE640410D8F2D /* TerminalSurfaceView.swift in Sources */,
				3FD36C0CCB425A6E363460E6 /* TianApp.swift in Sources */,
				F539A6986A81027909503109 /* TianAppDelegate.swift in Sources */,
				BD513EA7C48A8D85E62E5393 /* TrafficLightAligner.swift in Sources */,
				9ABAAF9D5F18D75471131622 /* WindowCoordinator.swift in Sources */,
				9B0A57A4BB68D8E9A4CB9F73 /* WorkingDirectoryResolver.swift in Sources */,
				F2F638169458F92BE1C7A939 /* Workspace.swift in Sources */,
				79EAD13A9B00F7C1E9EFF80B /* WorkspaceCollection.swift in Sources */,
				2C610649DD4BB5C35EEBFB30 /* WorkspaceCommands.swift in Sources */,
				CE8F62DDD24987000A13DF7A /* WorkspaceCreationFlow.swift in Sources */,
				AA4F50B60695489CDC8BABAC /* WorkspaceDragItem.swift in Sources */,
				47C99FB39EDBDB0132376DA3 /* WorkspaceEmptyStateView.swift in Sources */,
				696F2B16A51A930B414B4607 /* WorkspaceManager.swift in Sources */,
				3CD81962DEB19933ADAF9526 /* WorkspaceProviding.swift in Sources */,
				385135A497773B4CDC8D6F16 /* WorkspaceWindowContent.swift in Sources */,
				47C03E911861815751137395 /* WorkspaceWindowController.swift in Sources */,
				B0ADDAFE859883B7368C21A8 /* WorktreeCloseDialog.swift in Sources */,
				C9DD60B03EFE9CE77DC134AA /* WorktreeConfig.swift in Sources */,
				0CFBAFC1FD96153C9EE87C52 /* WorktreeConfigParser.swift in Sources */,
				49AAF2E36B4BDFAA0B54EB81 /* WorktreeCreateResult.swift in Sources */,
				781C1BC797ECDF12C533042B /* WorktreeError.swift in Sources */,
				3E5628ADF9E3339014386486 /* WorktreeForceRemoveDialog.swift in Sources */,
				338C0A997A284DF748B97A2C /* WorktreeOrchestrator.swift in Sources */,
				7203CBC63C843F0BF8689E41 /* WorktreeService.swift in Sources */,
			);
			runOnlyForDeploymentPostprocessing = 0;
		};
		DFDAC40E92FE0FA496FD9CEF /* Sources */ = {
			isa = PBXSourcesBuildPhase;
			buildActionMask = 2147483647;
			files = (
				80D68FA1FA6CEFD84C9A4B0B /* ANSIStripperTests.swift in Sources */,
				A7F94564CA1D121DEC66DA1D /* BranchListServiceTests.swift in Sources */,
				53291E2AC9389EE522191B40 /* BranchListViewModelTests.swift in Sources */,
				61D3F9FBD76F37E505334048 /* ClaudeSessionStateTests.swift in Sources */,
				5D334F77BD3E493564764C22 /* CloseConfirmationDialogTests.swift in Sources */,
				35D5361EF9DDF9457B99F626 /* CommandLogger.swift in Sources */,
				439CE14E830DAE69611ADE8B /* CommandLoggerTests.swift in Sources */,
				38E1BBB98F656C84DD4B5001 /* CreateSpaceFlowTests.swift in Sources */,
				8ED782C00C887025450DD8E4 /* DefaultWorkingDirectoryTests.swift in Sources */,
				0189C98DD7BD1258F6B4297D /* EnvironmentBuilderTests.swift in Sources */,
				C098E93AB50A8E8D6E75AEFF /* FuzzyMatchTests.swift in Sources */,
				D023FBA5000775358BD3C6AE /* GitRepoWatcherTests.swift in Sources */,
				2E15AC468D7ACBC0B0F2A58F /* GitStatusServiceTests.swift in Sources */,
				7BCE856CE1ACB8344F45017A /* IPCCommandHandlerTests.swift in Sources */,
				0C5753803DC8999FA6140A6F /* IPCMessageTests.swift in Sources */,
				90A9AAC610FC25E10C82CC3C /* IPCServerTests.swift in Sources */,
				F6B5BEC7AD7EEA6CD54A2BCD /* NotificationManagerTests.swift in Sources */,
				4E7E939D61C5FC0CAE22CFAE /* PRStatusCacheTests.swift in Sources */,
				5F547A4D5F84C011591D1EBF /* PaneStatusManagerTests.swift in Sources */,
				504F6BF443D20AB1A1FC1EF4 /* ProcessDetectorTests.swift in Sources */,
				C6CAEFC12D6D036CF92584AC /* SessionRestorerTests.swift in Sources */,
				F9DCE762DFCFAC47766FF0B2 /* SessionStateTests.swift in Sources */,
				BA0191DF5EF6AD82146B686D /* SpaceCollectionTests.swift in Sources */,
				9CA5B6465AC7A3E7E8900EA2 /* SpaceGitContextTests.swift in Sources */,
				AC82FB7F76229A145D553861 /* SpaceStatusAreaViewLabelCoexistenceTests.swift in Sources */,
				B34AC5594DF12EC126BE85F1 /* SplitLayoutTests.swift in Sources */,
				1FDD17A44BA49719C3B04F75 /* SplitNavigationTests.swift in Sources */,
				4F06DFE768297E725EBFE6F3 /* SplitTreeTests.swift in Sources */,
				20AF6323F0F0AB228066C57B /* WorkingDirectoryResolverTests.swift in Sources */,
				7F3003025933E044DA13C3BA /* WorkspaceCreationFlowTests.swift in Sources */,
				510C826CD02B0D4EE0649773 /* WorkspaceTests.swift in Sources */,
				F1E6EA6D81EFDE7AACE176CE /* WorktreeConfigParserTests.swift in Sources */,
				8A40EDE6BE07FD4E381FA449 /* WorktreeOrchestratorTests.swift in Sources */,
				6FD5B87624450C7599A68406 /* WorktreeServiceTests.swift in Sources */,
			);
			runOnlyForDeploymentPostprocessing = 0;
		};
/* End PBXSourcesBuildPhase section */

/* Begin PBXTargetDependency section */
		0DAA04785E0C26664E53C173 /* PBXTargetDependency */ = {
			isa = PBXTargetDependency;
			target = C231A44A2A9020608BFA6FC6 /* tian-cli */;
			targetProxy = 7FC837BE155D257A4BD78120 /* PBXContainerItemProxy */;
		};
		DDA7FAB9655C182841CF7AA6 /* PBXTargetDependency */ = {
			isa = PBXTargetDependency;
			target = FB92215D4D71C3A22BDF3C77 /* tian */;
			targetProxy = E8ED285FCB2A52605BC4D58D /* PBXContainerItemProxy */;
		};
		E84A07C3595C5DE4445ED11F /* PBXTargetDependency */ = {
			isa = PBXTargetDependency;
			target = FB92215D4D71C3A22BDF3C77 /* tian */;
			targetProxy = F4D961F0F8EE70E06CAB0652 /* PBXContainerItemProxy */;
		};
/* End PBXTargetDependency section */

/* Begin XCBuildConfiguration section */
		0494E898EC52C8A8A58426D8 /* Release */ = {
			isa = XCBuildConfiguration;
			buildSettings = {
				BUNDLE_LOADER = "$(TEST_HOST)";
				COMBINE_HIDPI_IMAGES = YES;
				GENERATE_INFOPLIST_FILE = YES;
				LD_RUNPATH_SEARCH_PATHS = (
					"$(inherited)",
					"@executable_path/Frameworks",
					"@loader_path/Frameworks",
				);
				PRODUCT_BUNDLE_IDENTIFIER = com.tian.uitests;
				SDKROOT = macosx;
				TEST_TARGET_NAME = tian;
			};
			name = Release;
		};
		0ED176418A0BDBF1A19C70FE /* Release */ = {
			isa = XCBuildConfiguration;
			buildSettings = {
				ALWAYS_SEARCH_USER_PATHS = NO;
				ARCHS = arm64;
				CLANG_ANALYZER_NONNULL = YES;
				CLANG_ANALYZER_NUMBER_OBJECT_CONVERSION = YES_AGGRESSIVE;
				CLANG_CXX_LANGUAGE_STANDARD = "gnu++14";
				CLANG_CXX_LIBRARY = "libc++";
				CLANG_ENABLE_MODULES = YES;
				CLANG_ENABLE_OBJC_ARC = YES;
				CLANG_ENABLE_OBJC_WEAK = YES;
				CLANG_WARN_BLOCK_CAPTURE_AUTORELEASING = YES;
				CLANG_WARN_BOOL_CONVERSION = YES;
				CLANG_WARN_COMMA = YES;
				CLANG_WARN_CONSTANT_CONVERSION = YES;
				CLANG_WARN_DEPRECATED_OBJC_IMPLEMENTATIONS = YES;
				CLANG_WARN_DIRECT_OBJC_ISA_USAGE = YES_ERROR;
				CLANG_WARN_DOCUMENTATION_COMMENTS = YES;
				CLANG_WARN_EMPTY_BODY = YES;
				CLANG_WARN_ENUM_CONVERSION = YES;
				CLANG_WARN_INFINITE_RECURSION = YES;
				CLANG_WARN_INT_CONVERSION = YES;
				CLANG_WARN_NON_LITERAL_NULL_CONVERSION = YES;
				CLANG_WARN_OBJC_IMPLICIT_RETAIN_SELF = YES;
				CLANG_WARN_OBJC_LITERAL_CONVERSION = YES;
				CLANG_WARN_OBJC_ROOT_CLASS = YES_ERROR;
				CLANG_WARN_QUOTED_INCLUDE_IN_FRAMEWORK_HEADER = YES;
				CLANG_WARN_RANGE_LOOP_ANALYSIS = YES;
				CLANG_WARN_STRICT_PROTOTYPES = YES;
				CLANG_WARN_SUSPICIOUS_MOVE = YES;
				CLANG_WARN_UNGUARDED_AVAILABILITY = YES_AGGRESSIVE;
				CLANG_WARN_UNREACHABLE_CODE = YES;
				CLANG_WARN__DUPLICATE_METHOD_MATCH = YES;
				COPY_PHASE_STRIP = NO;
				DEBUG_INFORMATION_FORMAT = "dwarf-with-dsym";
				ENABLE_NS_ASSERTIONS = NO;
				ENABLE_STRICT_OBJC_MSGSEND = YES;
				GCC_C_LANGUAGE_STANDARD = gnu11;
				GCC_NO_COMMON_BLOCKS = YES;
				GCC_WARN_64_TO_32_BIT_CONVERSION = YES;
				GCC_WARN_ABOUT_RETURN_TYPE = YES_ERROR;
				GCC_WARN_UNDECLARED_SELECTOR = YES;
				GCC_WARN_UNINITIALIZED_AUTOS = YES_AGGRESSIVE;
				GCC_WARN_UNUSED_FUNCTION = YES;
				GCC_WARN_UNUSED_VARIABLE = YES;
				MACOSX_DEPLOYMENT_TARGET = 26.0;
				MTL_ENABLE_DEBUG_INFO = NO;
				MTL_FAST_MATH = YES;
				PRODUCT_NAME = "$(TARGET_NAME)";
				SDKROOT = macosx;
				SWIFT_COMPILATION_MODE = wholemodule;
				SWIFT_OPTIMIZATION_LEVEL = "-O";
				SWIFT_STRICT_CONCURRENCY = complete;
				SWIFT_VERSION = 6.0;
			};
			name = Release;
		};
		3F9C603B43EB11A0E4E17505 /* Debug */ = {
			isa = XCBuildConfiguration;
			buildSettings = {
				ASSETCATALOG_COMPILER_APPICON_NAME = AppIcon;
				CODE_SIGN_ENTITLEMENTS = tian/tian.entitlements;
				COMBINE_HIDPI_IMAGES = YES;
				ENABLE_APP_SANDBOX = NO;
				GENERATE_INFOPLIST_FILE = YES;
				HEADER_SEARCH_PATHS = (
					"$(SRCROOT)/tian/Vendor/GhosttyKit.xcframework/macos-arm64/Headers",
				);
				INFOPLIST_FILE = "";
				INFOPLIST_KEY_CFBundleDisplayName = "Tian (debug)";
				INFOPLIST_KEY_CFBundleName = "Tian (debug)";
				INFOPLIST_KEY_LSApplicationCategoryType = "public.app-category.developer-tools";
				INFOPLIST_KEY_UTExportedTypeDeclarations = "(\n  {\n    UTTypeIdentifier = \"com.tian.tab-drag-item\";\n    UTTypeConformsTo = (\"public.data\");\n    UTTypeDescription = \"tian Tab\";\n    UTTypeTagSpecification = {};\n  },\n  {\n    UTTypeIdentifier = \"com.tian.space-drag-item\";\n    UTTypeConformsTo = (\"public.data\");\n    UTTypeDescription = \"tian Space\";\n    UTTypeTagSpecification = {};\n  },\n  {\n    UTTypeIdentifier = \"com.tian.workspace-drag-item\";\n    UTTypeConformsTo = (\"public.data\");\n    UTTypeDescription = \"tian Workspace\";\n    UTTypeTagSpecification = {};\n  }\n)\n";
				LD_RUNPATH_SEARCH_PATHS = (
					"$(inherited)",
					"@executable_path/../Frameworks",
				);
				LIBRARY_SEARCH_PATHS = (
					"$(SRCROOT)/tian/Vendor/GhosttyKit.xcframework/macos-arm64",
				);
				OTHER_LDFLAGS = (
					"-lghostty-fat",
					"-lc",
					"-lc++",
					"-framework Carbon",
				);
				PRODUCT_BUNDLE_IDENTIFIER = com.tian.app.debug;
				PRODUCT_MODULE_NAME = tian;
				PRODUCT_NAME = "tian-debug";
				SDKROOT = macosx;
				SWIFT_OBJC_BRIDGING_HEADER = "tian/tian-Bridging-Header.h";
			};
			name = Debug;
		};
		4ACF20B905EAE9331C880218 /* Release */ = {
			isa = XCBuildConfiguration;
			buildSettings = {
				BUNDLE_LOADER = "$(TEST_HOST)";
				COMBINE_HIDPI_IMAGES = YES;
				GENERATE_INFOPLIST_FILE = YES;
				HEADER_SEARCH_PATHS = (
					"$(SRCROOT)/tian/Vendor/GhosttyKit.xcframework/macos-arm64/Headers",
				);
				LD_RUNPATH_SEARCH_PATHS = (
					"$(inherited)",
					"@executable_path/../Frameworks",
					"@loader_path/../Frameworks",
				);
				PRODUCT_BUNDLE_IDENTIFIER = com.tian.tests;
				SDKROOT = macosx;
				TEST_HOST = "$(BUILT_PRODUCTS_DIR)/tian.app/Contents/MacOS/tian";
			};
			name = Release;
		};
		5A99E9C3E48438BDBAFD8A31 /* Debug */ = {
			isa = XCBuildConfiguration;
			buildSettings = {
				COMBINE_HIDPI_IMAGES = YES;
				LD_RUNPATH_SEARCH_PATHS = (
					"$(inherited)",
					"@executable_path/../Frameworks",
				);
				PRODUCT_BUNDLE_IDENTIFIER = com.tian.cli;
				PRODUCT_NAME = "tian-cli";
				SDKROOT = macosx;
			};
			name = Debug;
		};
		6BC44002BE4E9803868805B4 /* Release */ = {
			isa = XCBuildConfiguration;
			buildSettings = {
				COMBINE_HIDPI_IMAGES = YES;
				LD_RUNPATH_SEARCH_PATHS = (
					"$(inherited)",
					"@executable_path/../Frameworks",
				);
				PRODUCT_BUNDLE_IDENTIFIER = com.tian.cli;
				PRODUCT_NAME = "tian-cli";
				SDKROOT = macosx;
			};
			name = Release;
		};
		8DFE07953424B4DA83F00CAC /* Debug */ = {
			isa = XCBuildConfiguration;
			buildSettings = {
				ALWAYS_SEARCH_USER_PATHS = NO;
				ARCHS = arm64;
				CLANG_ANALYZER_NONNULL = YES;
				CLANG_ANALYZER_NUMBER_OBJECT_CONVERSION = YES_AGGRESSIVE;
				CLANG_CXX_LANGUAGE_STANDARD = "gnu++14";
				CLANG_CXX_LIBRARY = "libc++";
				CLANG_ENABLE_MODULES = YES;
				CLANG_ENABLE_OBJC_ARC = YES;
				CLANG_ENABLE_OBJC_WEAK = YES;
				CLANG_WARN_BLOCK_CAPTURE_AUTORELEASING = YES;
				CLANG_WARN_BOOL_CONVERSION = YES;
				CLANG_WARN_COMMA = YES;
				CLANG_WARN_CONSTANT_CONVERSION = YES;
				CLANG_WARN_DEPRECATED_OBJC_IMPLEMENTATIONS = YES;
				CLANG_WARN_DIRECT_OBJC_ISA_USAGE = YES_ERROR;
				CLANG_WARN_DOCUMENTATION_COMMENTS = YES;
				CLANG_WARN_EMPTY_BODY = YES;
				CLANG_WARN_ENUM_CONVERSION = YES;
				CLANG_WARN_INFINITE_RECURSION = YES;
				CLANG_WARN_INT_CONVERSION = YES;
				CLANG_WARN_NON_LITERAL_NULL_CONVERSION = YES;
				CLANG_WARN_OBJC_IMPLICIT_RETAIN_SELF = YES;
				CLANG_WARN_OBJC_LITERAL_CONVERSION = YES;
				CLANG_WARN_OBJC_ROOT_CLASS = YES_ERROR;
				CLANG_WARN_QUOTED_INCLUDE_IN_FRAMEWORK_HEADER = YES;
				CLANG_WARN_RANGE_LOOP_ANALYSIS = YES;
				CLANG_WARN_STRICT_PROTOTYPES = YES;
				CLANG_WARN_SUSPICIOUS_MOVE = YES;
				CLANG_WARN_UNGUARDED_AVAILABILITY = YES_AGGRESSIVE;
				CLANG_WARN_UNREACHABLE_CODE = YES;
				CLANG_WARN__DUPLICATE_METHOD_MATCH = YES;
				COPY_PHASE_STRIP = NO;
				DEBUG_INFORMATION_FORMAT = dwarf;
				ENABLE_STRICT_OBJC_MSGSEND = YES;
				ENABLE_TESTABILITY = YES;
				GCC_C_LANGUAGE_STANDARD = gnu11;
				GCC_DYNAMIC_NO_PIC = NO;
				GCC_NO_COMMON_BLOCKS = YES;
				GCC_OPTIMIZATION_LEVEL = 0;
				GCC_PREPROCESSOR_DEFINITIONS = (
					"$(inherited)",
					"DEBUG=1",
				);
				GCC_WARN_64_TO_32_BIT_CONVERSION = YES;
				GCC_WARN_ABOUT_RETURN_TYPE = YES_ERROR;
				GCC_WARN_UNDECLARED_SELECTOR = YES;
				GCC_WARN_UNINITIALIZED_AUTOS = YES_AGGRESSIVE;
				GCC_WARN_UNUSED_FUNCTION = YES;
				GCC_WARN_UNUSED_VARIABLE = YES;
				MACOSX_DEPLOYMENT_TARGET = 26.0;
				MTL_ENABLE_DEBUG_INFO = INCLUDE_SOURCE;
				MTL_FAST_MATH = YES;
				ONLY_ACTIVE_ARCH = YES;
				PRODUCT_NAME = "$(TARGET_NAME)";
				SDKROOT = macosx;
				SWIFT_ACTIVE_COMPILATION_CONDITIONS = DEBUG;
				SWIFT_OPTIMIZATION_LEVEL = "-Onone";
				SWIFT_STRICT_CONCURRENCY = complete;
				SWIFT_VERSION = 6.0;
			};
			name = Debug;
		};
		A637420BD3AA000DD2E57EB0 /* Debug */ = {
			isa = XCBuildConfiguration;
			buildSettings = {
				BUNDLE_LOADER = "$(TEST_HOST)";
				COMBINE_HIDPI_IMAGES = YES;
				GENERATE_INFOPLIST_FILE = YES;
				LD_RUNPATH_SEARCH_PATHS = (
					"$(inherited)",
					"@executable_path/Frameworks",
					"@loader_path/Frameworks",
				);
				PRODUCT_BUNDLE_IDENTIFIER = com.tian.uitests;
				SDKROOT = macosx;
				TEST_TARGET_NAME = tian;
			};
			name = Debug;
		};
		C336C8B3094D97D33665971E /* Release */ = {
			isa = XCBuildConfiguration;
			buildSettings = {
				ASSETCATALOG_COMPILER_APPICON_NAME = AppIcon;
				CODE_SIGN_ENTITLEMENTS = tian/tian.entitlements;
				COMBINE_HIDPI_IMAGES = YES;
				ENABLE_APP_SANDBOX = NO;
				GENERATE_INFOPLIST_FILE = YES;
				HEADER_SEARCH_PATHS = (
					"$(SRCROOT)/tian/Vendor/GhosttyKit.xcframework/macos-arm64/Headers",
				);
				INFOPLIST_FILE = "";
				INFOPLIST_KEY_CFBundleDisplayName = tian;
				INFOPLIST_KEY_LSApplicationCategoryType = "public.app-category.developer-tools";
				INFOPLIST_KEY_UTExportedTypeDeclarations = "(\n  {\n    UTTypeIdentifier = \"com.tian.tab-drag-item\";\n    UTTypeConformsTo = (\"public.data\");\n    UTTypeDescription = \"tian Tab\";\n    UTTypeTagSpecification = {};\n  },\n  {\n    UTTypeIdentifier = \"com.tian.space-drag-item\";\n    UTTypeConformsTo = (\"public.data\");\n    UTTypeDescription = \"tian Space\";\n    UTTypeTagSpecification = {};\n  },\n  {\n    UTTypeIdentifier = \"com.tian.workspace-drag-item\";\n    UTTypeConformsTo = (\"public.data\");\n    UTTypeDescription = \"tian Workspace\";\n    UTTypeTagSpecification = {};\n  }\n)\n";
				LD_RUNPATH_SEARCH_PATHS = (
					"$(inherited)",
					"@executable_path/../Frameworks",
				);
				LIBRARY_SEARCH_PATHS = (
					"$(SRCROOT)/tian/Vendor/GhosttyKit.xcframework/macos-arm64",
				);
				OTHER_LDFLAGS = (
					"-lghostty-fat",
					"-lc",
					"-lc++",
					"-framework Carbon",
				);
				PRODUCT_BUNDLE_IDENTIFIER = com.tian.app;
				PRODUCT_NAME = tian;
				SDKROOT = macosx;
				SWIFT_OBJC_BRIDGING_HEADER = "tian/tian-Bridging-Header.h";
			};
			name = Release;
		};
		F58039EC0AF3DBD25DF0AF4A /* Debug */ = {
			isa = XCBuildConfiguration;
			buildSettings = {
				BUNDLE_LOADER = "$(TEST_HOST)";
				COMBINE_HIDPI_IMAGES = YES;
				GENERATE_INFOPLIST_FILE = YES;
				HEADER_SEARCH_PATHS = (
					"$(SRCROOT)/tian/Vendor/GhosttyKit.xcframework/macos-arm64/Headers",
				);
				LD_RUNPATH_SEARCH_PATHS = (
					"$(inherited)",
					"@executable_path/../Frameworks",
					"@loader_path/../Frameworks",
				);
				PRODUCT_BUNDLE_IDENTIFIER = com.tian.tests;
				SDKROOT = macosx;
				TEST_HOST = "$(BUILT_PRODUCTS_DIR)/tian-debug.app/Contents/MacOS/tian-debug";
			};
			name = Debug;
		};
/* End XCBuildConfiguration section */

/* Begin XCConfigurationList section */
		3151F49A4F1DE9C1DE7F454A /* Build configuration list for PBXNativeTarget "tian-cli" */ = {
			isa = XCConfigurationList;
			buildConfigurations = (
				5A99E9C3E48438BDBAFD8A31 /* Debug */,
				6BC44002BE4E9803868805B4 /* Release */,
			);
			defaultConfigurationIsVisible = 0;
			defaultConfigurationName = Debug;
		};
		548D38AC30E2D2A1C3FFBA31 /* Build configuration list for PBXNativeTarget "tianUITests" */ = {
			isa = XCConfigurationList;
			buildConfigurations = (
				A637420BD3AA000DD2E57EB0 /* Debug */,
				0494E898EC52C8A8A58426D8 /* Release */,
			);
			defaultConfigurationIsVisible = 0;
			defaultConfigurationName = Debug;
		};
		8E0C726C1B55D4A8331A7CEF /* Build configuration list for PBXProject "tian" */ = {
			isa = XCConfigurationList;
			buildConfigurations = (
				8DFE07953424B4DA83F00CAC /* Debug */,
				0ED176418A0BDBF1A19C70FE /* Release */,
			);
			defaultConfigurationIsVisible = 0;
			defaultConfigurationName = Debug;
		};
		A7CEE219ED2DCBD25E15A608 /* Build configuration list for PBXNativeTarget "tianTests" */ = {
			isa = XCConfigurationList;
			buildConfigurations = (
				F58039EC0AF3DBD25DF0AF4A /* Debug */,
				4ACF20B905EAE9331C880218 /* Release */,
			);
			defaultConfigurationIsVisible = 0;
			defaultConfigurationName = Debug;
		};
		B6EEB65490B24F69B367AE4E /* Build configuration list for PBXNativeTarget "tian" */ = {
			isa = XCConfigurationList;
			buildConfigurations = (
				3F9C603B43EB11A0E4E17505 /* Debug */,
				C336C8B3094D97D33665971E /* Release */,
			);
			defaultConfigurationIsVisible = 0;
			defaultConfigurationName = Debug;
		};
/* End XCConfigurationList section */

/* Begin XCRemoteSwiftPackageReference section */
		59B0C0739BD9414B6FBE8A9B /* XCRemoteSwiftPackageReference "swift-argument-parser" */ = {
			isa = XCRemoteSwiftPackageReference;
			repositoryURL = "https://github.com/apple/swift-argument-parser";
			requirement = {
				kind = upToNextMajorVersion;
				minimumVersion = 1.5.0;
			};
		};
		F50CE7668A49B38F694AB472 /* XCRemoteSwiftPackageReference "TOMLKit" */ = {
			isa = XCRemoteSwiftPackageReference;
			repositoryURL = "https://github.com/LebJe/TOMLKit";
			requirement = {
				kind = upToNextMajorVersion;
				minimumVersion = 0.6.0;
			};
		};
/* End XCRemoteSwiftPackageReference section */

/* Begin XCSwiftPackageProductDependency section */
		6CF5B5EB2CC6F17DBEEC6550 /* TOMLKit */ = {
			isa = XCSwiftPackageProductDependency;
			package = F50CE7668A49B38F694AB472 /* XCRemoteSwiftPackageReference "TOMLKit" */;
			productName = TOMLKit;
		};
		E54F093B858D398EE2617980 /* ArgumentParser */ = {
			isa = XCSwiftPackageProductDependency;
			package = 59B0C0739BD9414B6FBE8A9B /* XCRemoteSwiftPackageReference "swift-argument-parser" */;
			productName = ArgumentParser;
		};
/* End XCSwiftPackageProductDependency section */
	};
	rootObject = D38F2F23E781CC373F6ECC9C /* Project object */;
}
